// !$*UTF8*$!
{
	archiveVersion = 1;
	classes = {
	};
	objectVersion = 56;
	objects = {

/* Begin PBXBuildFile section */
		669469832A02AFFB00081F48 /* PasswordValidatorSolutionLive.swift in Sources */ = {isa = PBXBuildFile; fileRef = 6694697E2A02AFFB00081F48 /* PasswordValidatorSolutionLive.swift */; };
		669469842A02AFFB00081F48 /* SetPasswordView.swift in Sources */ = {isa = PBXBuildFile; fileRef = 6694697F2A02AFFB00081F48 /* SetPasswordView.swift */; };
		669469852A02AFFB00081F48 /* SetPasswordSolutionViewModel.swift in Sources */ = {isa = PBXBuildFile; fileRef = 669469802A02AFFB00081F48 /* SetPasswordSolutionViewModel.swift */; };
		669469872A02AFFB00081F48 /* SetPasswordViewModel.swift in Sources */ = {isa = PBXBuildFile; fileRef = 669469822A02AFFB00081F48 /* SetPasswordViewModel.swift */; };
		66A5E27729E6D733008DBD42 /* GithubUsersApp.swift in Sources */ = {isa = PBXBuildFile; fileRef = 66A5E27629E6D733008DBD42 /* GithubUsersApp.swift */; };
		66A5E27929E6D733008DBD42 /* ListView.swift in Sources */ = {isa = PBXBuildFile; fileRef = 66A5E27829E6D733008DBD42 /* ListView.swift */; };
		66A5E27B29E6D735008DBD42 /* Assets.xcassets in Resources */ = {isa = PBXBuildFile; fileRef = 66A5E27A29E6D735008DBD42 /* Assets.xcassets */; };
		66A5E27E29E6D735008DBD42 /* Preview Assets.xcassets in Resources */ = {isa = PBXBuildFile; fileRef = 66A5E27D29E6D735008DBD42 /* Preview Assets.xcassets */; };
		66A5E28829E6D735008DBD42 /* GithubUsersTests.swift in Sources */ = {isa = PBXBuildFile; fileRef = 66A5E28729E6D735008DBD42 /* GithubUsersTests.swift */; };
		66A5E2A129E6DCCE008DBD42 /* UserDetailView.swift in Sources */ = {isa = PBXBuildFile; fileRef = 66A5E2A029E6DCCE008DBD42 /* UserDetailView.swift */; };
		66A5E2A529E6DD05008DBD42 /* UserListViewModel.swift in Sources */ = {isa = PBXBuildFile; fileRef = 66A5E2A429E6DD05008DBD42 /* UserListViewModel.swift */; };
		66A5E2AB29E6DD3B008DBD42 /* User.swift in Sources */ = {isa = PBXBuildFile; fileRef = 66A5E2AA29E6DD3B008DBD42 /* User.swift */; };
		66A5E2AE29E6DD63008DBD42 /* UserListRepositoryMock.swift in Sources */ = {isa = PBXBuildFile; fileRef = 66A5E2AD29E6DD63008DBD42 /* UserListRepositoryMock.swift */; };
		66A5E2B129E6DE44008DBD42 /* NetworkServiceMock.swift in Sources */ = {isa = PBXBuildFile; fileRef = 66A5E2B029E6DE44008DBD42 /* NetworkServiceMock.swift */; };
		66A5E2B329E6E160008DBD42 /* UserBio.swift in Sources */ = {isa = PBXBuildFile; fileRef = 66A5E2B229E6E160008DBD42 /* UserBio.swift */; };
		66A5E2B929E6ECF9008DBD42 /* UserDetailViewModel.swift in Sources */ = {isa = PBXBuildFile; fileRef = 66A5E2B829E6ECF9008DBD42 /* UserDetailViewModel.swift */; };
		66A5E2BB29E6ED11008DBD42 /* UserDetailRepository.swift in Sources */ = {isa = PBXBuildFile; fileRef = 66A5E2BA29E6ED11008DBD42 /* UserDetailRepository.swift */; };
		66A5E2C229E70332008DBD42 /* Swinject in Frameworks */ = {isa = PBXBuildFile; productRef = 66A5E2C129E70332008DBD42 /* Swinject */; };
		66A7A55B29F807CA002122FA /* Assembly.swift in Sources */ = {isa = PBXBuildFile; fileRef = 66A7A55A29F807CA002122FA /* Assembly.swift */; };
		66AA2F782A17546300178ACB /* PasswordValidatorTests.swift in Sources */ = {isa = PBXBuildFile; fileRef = 66AA2F772A17546300178ACB /* PasswordValidatorTests.swift */; };
		66D7460129F0B1C400FEC6B3 /* AuthHandler.swift in Sources */ = {isa = PBXBuildFile; fileRef = 66D7460029F0B1C400FEC6B3 /* AuthHandler.swift */; };
		66E9DECD2A067E2000958BD2 /* FlowLayout.swift in Sources */ = {isa = PBXBuildFile; fileRef = 66E9DECC2A067E2000958BD2 /* FlowLayout.swift */; };
		66E9DECF2A067E4B00958BD2 /* PrimaryButtonStyle.swift in Sources */ = {isa = PBXBuildFile; fileRef = 66E9DECE2A067E4B00958BD2 /* PrimaryButtonStyle.swift */; };
		66E9DED12A067E6900958BD2 /* Input.swift in Sources */ = {isa = PBXBuildFile; fileRef = 66E9DED02A067E6900958BD2 /* Input.swift */; };
		66E9DED32A06818C00958BD2 /* PasswordValidatorSolutionTest.swift in Sources */ = {isa = PBXBuildFile; fileRef = 66E9DED22A06818C00958BD2 /* PasswordValidatorSolutionTest.swift */; };
/* End PBXBuildFile section */

/* Begin PBXContainerItemProxy section */
		66A5E28429E6D735008DBD42 /* PBXContainerItemProxy */ = {
			isa = PBXContainerItemProxy;
			containerPortal = 66A5E26B29E6D733008DBD42 /* Project object */;
			proxyType = 1;
			remoteGlobalIDString = 66A5E27229E6D733008DBD42;
			remoteInfo = GithubUsers;
		};
/* End PBXContainerItemProxy section */

/* Begin PBXFileReference section */
		6694697E2A02AFFB00081F48 /* PasswordValidatorSolutionLive.swift */ = {isa = PBXFileReference; fileEncoding = 4; lastKnownFileType = sourcecode.swift; path = PasswordValidatorSolutionLive.swift; sourceTree = "<group>"; };
		6694697F2A02AFFB00081F48 /* SetPasswordView.swift */ = {isa = PBXFileReference; fileEncoding = 4; lastKnownFileType = sourcecode.swift; path = SetPasswordView.swift; sourceTree = "<group>"; };
		669469802A02AFFB00081F48 /* SetPasswordSolutionViewModel.swift */ = {isa = PBXFileReference; fileEncoding = 4; lastKnownFileType = sourcecode.swift; path = SetPasswordSolutionViewModel.swift; sourceTree = "<group>"; };
		669469822A02AFFB00081F48 /* SetPasswordViewModel.swift */ = {isa = PBXFileReference; fileEncoding = 4; lastKnownFileType = sourcecode.swift; path = SetPasswordViewModel.swift; sourceTree = "<group>"; };
		66A5E27329E6D733008DBD42 /* GithubUsers.app */ = {isa = PBXFileReference; explicitFileType = wrapper.application; includeInIndex = 0; path = GithubUsers.app; sourceTree = BUILT_PRODUCTS_DIR; };
		66A5E27629E6D733008DBD42 /* GithubUsersApp.swift */ = {isa = PBXFileReference; lastKnownFileType = sourcecode.swift; path = GithubUsersApp.swift; sourceTree = "<group>"; };
		66A5E27829E6D733008DBD42 /* ListView.swift */ = {isa = PBXFileReference; lastKnownFileType = sourcecode.swift; path = ListView.swift; sourceTree = "<group>"; };
		66A5E27A29E6D735008DBD42 /* Assets.xcassets */ = {isa = PBXFileReference; lastKnownFileType = folder.assetcatalog; path = Assets.xcassets; sourceTree = "<group>"; };
		66A5E27D29E6D735008DBD42 /* Preview Assets.xcassets */ = {isa = PBXFileReference; lastKnownFileType = folder.assetcatalog; path = "Preview Assets.xcassets"; sourceTree = "<group>"; };
		66A5E28329E6D735008DBD42 /* GithubUsersTests.xctest */ = {isa = PBXFileReference; explicitFileType = wrapper.cfbundle; includeInIndex = 0; path = GithubUsersTests.xctest; sourceTree = BUILT_PRODUCTS_DIR; };
		66A5E28729E6D735008DBD42 /* GithubUsersTests.swift */ = {isa = PBXFileReference; lastKnownFileType = sourcecode.swift; path = GithubUsersTests.swift; sourceTree = "<group>"; };
		66A5E2A029E6DCCE008DBD42 /* UserDetailView.swift */ = {isa = PBXFileReference; lastKnownFileType = sourcecode.swift; path = UserDetailView.swift; sourceTree = "<group>"; };
		66A5E2A429E6DD05008DBD42 /* UserListViewModel.swift */ = {isa = PBXFileReference; lastKnownFileType = sourcecode.swift; path = UserListViewModel.swift; sourceTree = "<group>"; };
		66A5E2AA29E6DD3B008DBD42 /* User.swift */ = {isa = PBXFileReference; lastKnownFileType = sourcecode.swift; path = User.swift; sourceTree = "<group>"; };
		66A5E2AD29E6DD63008DBD42 /* UserListRepositoryMock.swift */ = {isa = PBXFileReference; lastKnownFileType = sourcecode.swift; path = UserListRepositoryMock.swift; sourceTree = "<group>"; };
		66A5E2B029E6DE44008DBD42 /* NetworkServiceMock.swift */ = {isa = PBXFileReference; lastKnownFileType = sourcecode.swift; path = NetworkServiceMock.swift; sourceTree = "<group>"; };
		66A5E2B229E6E160008DBD42 /* UserBio.swift */ = {isa = PBXFileReference; lastKnownFileType = sourcecode.swift; path = UserBio.swift; sourceTree = "<group>"; };
		66A5E2B429E6E369008DBD42 /* Playground.playground */ = {isa = PBXFileReference; lastKnownFileType = file.playground; path = Playground.playground; sourceTree = "<group>"; xcLanguageSpecificationIdentifier = xcode.lang.swift; };
		66A5E2B829E6ECF9008DBD42 /* UserDetailViewModel.swift */ = {isa = PBXFileReference; lastKnownFileType = sourcecode.swift; path = UserDetailViewModel.swift; sourceTree = "<group>"; };
		66A5E2BA29E6ED11008DBD42 /* UserDetailRepository.swift */ = {isa = PBXFileReference; lastKnownFileType = sourcecode.swift; path = UserDetailRepository.swift; sourceTree = "<group>"; };
		66A7A55A29F807CA002122FA /* Assembly.swift */ = {isa = PBXFileReference; lastKnownFileType = sourcecode.swift; path = Assembly.swift; sourceTree = "<group>"; };
		66AA2F772A17546300178ACB /* PasswordValidatorTests.swift */ = {isa = PBXFileReference; lastKnownFileType = sourcecode.swift; path = PasswordValidatorTests.swift; sourceTree = "<group>"; };
		66D7460029F0B1C400FEC6B3 /* AuthHandler.swift */ = {isa = PBXFileReference; lastKnownFileType = sourcecode.swift; path = AuthHandler.swift; sourceTree = "<group>"; };
		66DE8DEB29FD30D800BC972E /* GithubUsers.xctestplan */ = {isa = PBXFileReference; lastKnownFileType = text; path = GithubUsers.xctestplan; sourceTree = "<group>"; };
		66E9DECC2A067E2000958BD2 /* FlowLayout.swift */ = {isa = PBXFileReference; lastKnownFileType = sourcecode.swift; path = FlowLayout.swift; sourceTree = "<group>"; };
		66E9DECE2A067E4B00958BD2 /* PrimaryButtonStyle.swift */ = {isa = PBXFileReference; lastKnownFileType = sourcecode.swift; path = PrimaryButtonStyle.swift; sourceTree = "<group>"; };
		66E9DED02A067E6900958BD2 /* Input.swift */ = {isa = PBXFileReference; lastKnownFileType = sourcecode.swift; path = Input.swift; sourceTree = "<group>"; };
		66E9DED22A06818C00958BD2 /* PasswordValidatorSolutionTest.swift */ = {isa = PBXFileReference; fileEncoding = 4; lastKnownFileType = sourcecode.swift; path = PasswordValidatorSolutionTest.swift; sourceTree = "<group>"; };
/* End PBXFileReference section */

/* Begin PBXFrameworksBuildPhase section */
		66A5E27029E6D733008DBD42 /* Frameworks */ = {
			isa = PBXFrameworksBuildPhase;
			buildActionMask = 2147483647;
			files = (
				66A5E2C229E70332008DBD42 /* Swinject in Frameworks */,
			);
			runOnlyForDeploymentPostprocessing = 0;
		};
		66A5E28029E6D735008DBD42 /* Frameworks */ = {
			isa = PBXFrameworksBuildPhase;
			buildActionMask = 2147483647;
			files = (
			);
			runOnlyForDeploymentPostprocessing = 0;
		};
/* End PBXFrameworksBuildPhase section */

/* Begin PBXGroup section */
		6694697C2A02AFFB00081F48 /* SetPasswordView */ = {
			isa = PBXGroup;
			children = (
				66E9DECB2A067E1600958BD2 /* View */,
				6694697D2A02AFFB00081F48 /* Solution */,
				669469822A02AFFB00081F48 /* SetPasswordViewModel.swift */,
				6694697F2A02AFFB00081F48 /* SetPasswordView.swift */,
			);
			path = SetPasswordView;
			sourceTree = "<group>";
		};
		6694697D2A02AFFB00081F48 /* Solution */ = {
			isa = PBXGroup;
			children = (
				6694697E2A02AFFB00081F48 /* PasswordValidatorSolutionLive.swift */,
				669469802A02AFFB00081F48 /* SetPasswordSolutionViewModel.swift */,
			);
			path = Solution;
			sourceTree = "<group>";
		};
		66A5E26A29E6D733008DBD42 = {
			isa = PBXGroup;
			children = (
				66DE8DEB29FD30D800BC972E /* GithubUsers.xctestplan */,
				66A5E2B429E6E369008DBD42 /* Playground.playground */,
				66A5E27529E6D733008DBD42 /* GithubUsers */,
				66A5E28629E6D735008DBD42 /* GithubUsersTests */,
				66A5E27429E6D733008DBD42 /* Products */,
				66D90C1429EFC89B000053F6 /* Frameworks */,
			);
			sourceTree = "<group>";
		};
		66A5E27429E6D733008DBD42 /* Products */ = {
			isa = PBXGroup;
			children = (
				66A5E27329E6D733008DBD42 /* GithubUsers.app */,
				66A5E28329E6D735008DBD42 /* GithubUsersTests.xctest */,
			);
			name = Products;
			sourceTree = "<group>";
		};
		66A5E27529E6D733008DBD42 /* GithubUsers */ = {
			isa = PBXGroup;
			children = (
				66D745FF29F0B18F00FEC6B3 /* Service */,
				66A5E2AF29E6DE3E008DBD42 /* Network */,
				66A5E2A929E6DD35008DBD42 /* Data */,
				66A5E2A829E6DD1A008DBD42 /* Application */,
				66A5E2A629E6DD08008DBD42 /* Features */,
				66A5E27A29E6D735008DBD42 /* Assets.xcassets */,
				66A5E27C29E6D735008DBD42 /* Preview Content */,
			);
			path = GithubUsers;
			sourceTree = "<group>";
		};
		66A5E27C29E6D735008DBD42 /* Preview Content */ = {
			isa = PBXGroup;
			children = (
				66A5E27D29E6D735008DBD42 /* Preview Assets.xcassets */,
			);
			path = "Preview Content";
			sourceTree = "<group>";
		};
		66A5E28629E6D735008DBD42 /* GithubUsersTests */ = {
			isa = PBXGroup;
			children = (
				66E9DED22A06818C00958BD2 /* PasswordValidatorSolutionTest.swift */,
				66A5E28729E6D735008DBD42 /* GithubUsersTests.swift */,
				66AA2F772A17546300178ACB /* PasswordValidatorTests.swift */,
			);
			path = GithubUsersTests;
			sourceTree = "<group>";
		};
		66A5E2A629E6DD08008DBD42 /* Features */ = {
			isa = PBXGroup;
			children = (
				6694697C2A02AFFB00081F48 /* SetPasswordView */,
				66A5E2BC29E6ED16008DBD42 /* DetailView */,
				66A5E2A729E6DD0C008DBD42 /* ListView */,
			);
			path = Features;
			sourceTree = "<group>";
		};
		66A5E2A729E6DD0C008DBD42 /* ListView */ = {
			isa = PBXGroup;
			children = (
				66A5E27829E6D733008DBD42 /* ListView.swift */,
				66A5E2A429E6DD05008DBD42 /* UserListViewModel.swift */,
				66A5E2AD29E6DD63008DBD42 /* UserListRepositoryMock.swift */,
			);
			path = ListView;
			sourceTree = "<group>";
		};
		66A5E2A829E6DD1A008DBD42 /* Application */ = {
			isa = PBXGroup;
			children = (
				66A5E27629E6D733008DBD42 /* GithubUsersApp.swift */,
				66A7A55A29F807CA002122FA /* Assembly.swift */,
			);
			path = Application;
			sourceTree = "<group>";
		};
		66A5E2A929E6DD35008DBD42 /* Data */ = {
			isa = PBXGroup;
			children = (
				66A5E2AA29E6DD3B008DBD42 /* User.swift */,
				66A5E2B229E6E160008DBD42 /* UserBio.swift */,
			);
			path = Data;
			sourceTree = "<group>";
		};
		66A5E2AF29E6DE3E008DBD42 /* Network */ = {
			isa = PBXGroup;
			children = (
				66A5E2B029E6DE44008DBD42 /* NetworkServiceMock.swift */,
			);
			path = Network;
			sourceTree = "<group>";
		};
		66A5E2BC29E6ED16008DBD42 /* DetailView */ = {
			isa = PBXGroup;
			children = (
				66A5E2BA29E6ED11008DBD42 /* UserDetailRepository.swift */,
				66A5E2B829E6ECF9008DBD42 /* UserDetailViewModel.swift */,
				66A5E2A029E6DCCE008DBD42 /* UserDetailView.swift */,
			);
			path = DetailView;
			sourceTree = "<group>";
		};
		66D745FF29F0B18F00FEC6B3 /* Service */ = {
			isa = PBXGroup;
			children = (
				66D7460029F0B1C400FEC6B3 /* AuthHandler.swift */,
			);
			path = Service;
			sourceTree = "<group>";
		};
		66D90C1429EFC89B000053F6 /* Frameworks */ = {
			isa = PBXGroup;
			children = (
			);
			name = Frameworks;
			sourceTree = "<group>";
		};
		66E9DECB2A067E1600958BD2 /* View */ = {
			isa = PBXGroup;
			children = (
				66E9DECC2A067E2000958BD2 /* FlowLayout.swift */,
				66E9DECE2A067E4B00958BD2 /* PrimaryButtonStyle.swift */,
				66E9DED02A067E6900958BD2 /* Input.swift */,
			);
			path = View;
			sourceTree = "<group>";
		};
/* End PBXGroup section */

/* Begin PBXNativeTarget section */
		66A5E27229E6D733008DBD42 /* GithubUsers */ = {
			isa = PBXNativeTarget;
			buildConfigurationList = 66A5E29729E6D735008DBD42 /* Build configuration list for PBXNativeTarget "GithubUsers" */;
			buildPhases = (
				66A5E26F29E6D733008DBD42 /* Sources */,
				66A5E27029E6D733008DBD42 /* Frameworks */,
				66A5E27129E6D733008DBD42 /* Resources */,
			);
			buildRules = (
			);
			dependencies = (
			);
			name = GithubUsers;
			packageProductDependencies = (
				66A5E2C129E70332008DBD42 /* Swinject */,
			);
			productName = GithubUsers;
			productReference = 66A5E27329E6D733008DBD42 /* GithubUsers.app */;
			productType = "com.apple.product-type.application";
		};
		66A5E28229E6D735008DBD42 /* GithubUsersTests */ = {
			isa = PBXNativeTarget;
			buildConfigurationList = 66A5E29A29E6D735008DBD42 /* Build configuration list for PBXNativeTarget "GithubUsersTests" */;
			buildPhases = (
				66A5E27F29E6D735008DBD42 /* Sources */,
				66A5E28029E6D735008DBD42 /* Frameworks */,
				66A5E28129E6D735008DBD42 /* Resources */,
			);
			buildRules = (
			);
			dependencies = (
				66A5E28529E6D735008DBD42 /* PBXTargetDependency */,
			);
			name = GithubUsersTests;
			productName = GithubUsersTests;
			productReference = 66A5E28329E6D735008DBD42 /* GithubUsersTests.xctest */;
			productType = "com.apple.product-type.bundle.unit-test";
		};
/* End PBXNativeTarget section */

/* Begin PBXProject section */
		66A5E26B29E6D733008DBD42 /* Project object */ = {
			isa = PBXProject;
			attributes = {
				BuildIndependentTargetsInParallel = 1;
				LastSwiftUpdateCheck = 1430;
				LastUpgradeCheck = 1430;
				TargetAttributes = {
					66A5E27229E6D733008DBD42 = {
						CreatedOnToolsVersion = 14.3;
					};
					66A5E28229E6D735008DBD42 = {
						CreatedOnToolsVersion = 14.3;
						TestTargetID = 66A5E27229E6D733008DBD42;
					};
				};
			};
			buildConfigurationList = 66A5E26E29E6D733008DBD42 /* Build configuration list for PBXProject "GithubUsers" */;
			compatibilityVersion = "Xcode 14.0";
			developmentRegion = en;
			hasScannedForEncodings = 0;
			knownRegions = (
				en,
				Base,
			);
			mainGroup = 66A5E26A29E6D733008DBD42;
			packageReferences = (
				66A5E2C029E70332008DBD42 /* XCRemoteSwiftPackageReference "Swinject" */,
			);
			productRefGroup = 66A5E27429E6D733008DBD42 /* Products */;
			projectDirPath = "";
			projectRoot = "";
			targets = (
				66A5E27229E6D733008DBD42 /* GithubUsers */,
				66A5E28229E6D735008DBD42 /* GithubUsersTests */,
			);
		};
/* End PBXProject section */

/* Begin PBXResourcesBuildPhase section */
		66A5E27129E6D733008DBD42 /* Resources */ = {
			isa = PBXResourcesBuildPhase;
			buildActionMask = 2147483647;
			files = (
				66A5E27E29E6D735008DBD42 /* Preview Assets.xcassets in Resources */,
				66A5E27B29E6D735008DBD42 /* Assets.xcassets in Resources */,
			);
			runOnlyForDeploymentPostprocessing = 0;
		};
		66A5E28129E6D735008DBD42 /* Resources */ = {
			isa = PBXResourcesBuildPhase;
			buildActionMask = 2147483647;
			files = (
			);
			runOnlyForDeploymentPostprocessing = 0;
		};
/* End PBXResourcesBuildPhase section */

/* Begin PBXSourcesBuildPhase section */
		66A5E26F29E6D733008DBD42 /* Sources */ = {
			isa = PBXSourcesBuildPhase;
			buildActionMask = 2147483647;
			files = (
				66E9DECF2A067E4B00958BD2 /* PrimaryButtonStyle.swift in Sources */,
				669469872A02AFFB00081F48 /* SetPasswordViewModel.swift in Sources */,
				669469852A02AFFB00081F48 /* SetPasswordSolutionViewModel.swift in Sources */,
				66A5E2B929E6ECF9008DBD42 /* UserDetailViewModel.swift in Sources */,
				66A5E27929E6D733008DBD42 /* ListView.swift in Sources */,
				66A5E2B329E6E160008DBD42 /* UserBio.swift in Sources */,
				66A7A55B29F807CA002122FA /* Assembly.swift in Sources */,
				66E9DED12A067E6900958BD2 /* Input.swift in Sources */,
				66A5E2A529E6DD05008DBD42 /* UserListViewModel.swift in Sources */,
				66A5E2AE29E6DD63008DBD42 /* UserListRepositoryMock.swift in Sources */,
				66A5E2A129E6DCCE008DBD42 /* UserDetailView.swift in Sources */,
				66E9DECD2A067E2000958BD2 /* FlowLayout.swift in Sources */,
				669469832A02AFFB00081F48 /* PasswordValidatorSolutionLive.swift in Sources */,
				66A5E2AB29E6DD3B008DBD42 /* User.swift in Sources */,
				66A5E2BB29E6ED11008DBD42 /* UserDetailRepository.swift in Sources */,
				669469842A02AFFB00081F48 /* SetPasswordView.swift in Sources */,
				66A5E2B129E6DE44008DBD42 /* NetworkServiceMock.swift in Sources */,
				66A5E27729E6D733008DBD42 /* GithubUsersApp.swift in Sources */,
				66D7460129F0B1C400FEC6B3 /* AuthHandler.swift in Sources */,
			);
			runOnlyForDeploymentPostprocessing = 0;
		};
		66A5E27F29E6D735008DBD42 /* Sources */ = {
			isa = PBXSourcesBuildPhase;
			buildActionMask = 2147483647;
			files = (
				66E9DED32A06818C00958BD2 /* PasswordValidatorSolutionTest.swift in Sources */,
				66A5E28829E6D735008DBD42 /* GithubUsersTests.swift in Sources */,
				66AA2F782A17546300178ACB /* PasswordValidatorTests.swift in Sources */,
			);
			runOnlyForDeploymentPostprocessing = 0;
		};
/* End PBXSourcesBuildPhase section */

/* Begin PBXTargetDependency section */
		66A5E28529E6D735008DBD42 /* PBXTargetDependency */ = {
			isa = PBXTargetDependency;
			target = 66A5E27229E6D733008DBD42 /* GithubUsers */;
			targetProxy = 66A5E28429E6D735008DBD42 /* PBXContainerItemProxy */;
		};
/* End PBXTargetDependency section */

/* Begin XCBuildConfiguration section */
		66A5E29529E6D735008DBD42 /* Debug */ = {
			isa = XCBuildConfiguration;
			buildSettings = {
				ALWAYS_SEARCH_USER_PATHS = NO;
				CLANG_ANALYZER_NONNULL = YES;
				CLANG_ANALYZER_NUMBER_OBJECT_CONVERSION = YES_AGGRESSIVE;
				CLANG_CXX_LANGUAGE_STANDARD = "gnu++20";
				CLANG_ENABLE_MODULES = YES;
				CLANG_ENABLE_OBJC_ARC = YES;
				CLANG_ENABLE_OBJC_WEAK = YES;
				CLANG_WARN_BLOCK_CAPTURE_AUTORELEASING = YES;
				CLANG_WARN_BOOL_CONVERSION = YES;
				CLANG_WARN_COMMA = YES;
				CLANG_WARN_CONSTANT_CONVERSION = YES;
				CLANG_WARN_DEPRECATED_OBJC_IMPLEMENTATIONS = YES;
				CLANG_WARN_DIRECT_OBJC_ISA_USAGE = YES_ERROR;
				CLANG_WARN_DOCUMENTATION_COMMENTS = YES;
				CLANG_WARN_EMPTY_BODY = YES;
				CLANG_WARN_ENUM_CONVERSION = YES;
				CLANG_WARN_INFINITE_RECURSION = YES;
				CLANG_WARN_INT_CONVERSION = YES;
				CLANG_WARN_NON_LITERAL_NULL_CONVERSION = YES;
				CLANG_WARN_OBJC_IMPLICIT_RETAIN_SELF = YES;
				CLANG_WARN_OBJC_LITERAL_CONVERSION = YES;
				CLANG_WARN_OBJC_ROOT_CLASS = YES_ERROR;
				CLANG_WARN_QUOTED_INCLUDE_IN_FRAMEWORK_HEADER = YES;
				CLANG_WARN_RANGE_LOOP_ANALYSIS = YES;
				CLANG_WARN_STRICT_PROTOTYPES = YES;
				CLANG_WARN_SUSPICIOUS_MOVE = YES;
				CLANG_WARN_UNGUARDED_AVAILABILITY = YES_AGGRESSIVE;
				CLANG_WARN_UNREACHABLE_CODE = YES;
				CLANG_WARN__DUPLICATE_METHOD_MATCH = YES;
				COPY_PHASE_STRIP = NO;
				DEBUG_INFORMATION_FORMAT = dwarf;
				ENABLE_STRICT_OBJC_MSGSEND = YES;
				ENABLE_TESTABILITY = YES;
				GCC_C_LANGUAGE_STANDARD = gnu11;
				GCC_DYNAMIC_NO_PIC = NO;
				GCC_NO_COMMON_BLOCKS = YES;
				GCC_OPTIMIZATION_LEVEL = 0;
				GCC_PREPROCESSOR_DEFINITIONS = (
					"DEBUG=1",
					"$(inherited)",
				);
				GCC_WARN_64_TO_32_BIT_CONVERSION = YES;
				GCC_WARN_ABOUT_RETURN_TYPE = YES_ERROR;
				GCC_WARN_UNDECLARED_SELECTOR = YES;
				GCC_WARN_UNINITIALIZED_AUTOS = YES_AGGRESSIVE;
				GCC_WARN_UNUSED_FUNCTION = YES;
				GCC_WARN_UNUSED_VARIABLE = YES;
				IPHONEOS_DEPLOYMENT_TARGET = 16.4;
				MTL_ENABLE_DEBUG_INFO = INCLUDE_SOURCE;
				MTL_FAST_MATH = YES;
				ONLY_ACTIVE_ARCH = YES;
				SDKROOT = iphoneos;
				SWIFT_ACTIVE_COMPILATION_CONDITIONS = DEBUG;
				SWIFT_OPTIMIZATION_LEVEL = "-Onone";
			};
			name = Debug;
		};
		66A5E29629E6D735008DBD42 /* Release */ = {
			isa = XCBuildConfiguration;
			buildSettings = {
				ALWAYS_SEARCH_USER_PATHS = NO;
				CLANG_ANALYZER_NONNULL = YES;
				CLANG_ANALYZER_NUMBER_OBJECT_CONVERSION = YES_AGGRESSIVE;
				CLANG_CXX_LANGUAGE_STANDARD = "gnu++20";
				CLANG_ENABLE_MODULES = YES;
				CLANG_ENABLE_OBJC_ARC = YES;
				CLANG_ENABLE_OBJC_WEAK = YES;
				CLANG_WARN_BLOCK_CAPTURE_AUTORELEASING = YES;
				CLANG_WARN_BOOL_CONVERSION = YES;
				CLANG_WARN_COMMA = YES;
				CLANG_WARN_CONSTANT_CONVERSION = YES;
				CLANG_WARN_DEPRECATED_OBJC_IMPLEMENTATIONS = YES;
				CLANG_WARN_DIRECT_OBJC_ISA_USAGE = YES_ERROR;
				CLANG_WARN_DOCUMENTATION_COMMENTS = YES;
				CLANG_WARN_EMPTY_BODY = YES;
				CLANG_WARN_ENUM_CONVERSION = YES;
				CLANG_WARN_INFINITE_RECURSION = YES;
				CLANG_WARN_INT_CONVERSION = YES;
				CLANG_WARN_NON_LITERAL_NULL_CONVERSION = YES;
				CLANG_WARN_OBJC_IMPLICIT_RETAIN_SELF = YES;
				CLANG_WARN_OBJC_LITERAL_CONVERSION = YES;
				CLANG_WARN_OBJC_ROOT_CLASS = YES_ERROR;
				CLANG_WARN_QUOTED_INCLUDE_IN_FRAMEWORK_HEADER = YES;
				CLANG_WARN_RANGE_LOOP_ANALYSIS = YES;
				CLANG_WARN_STRICT_PROTOTYPES = YES;
				CLANG_WARN_SUSPICIOUS_MOVE = YES;
				CLANG_WARN_UNGUARDED_AVAILABILITY = YES_AGGRESSIVE;
				CLANG_WARN_UNREACHABLE_CODE = YES;
				CLANG_WARN__DUPLICATE_METHOD_MATCH = YES;
				COPY_PHASE_STRIP = NO;
				DEBUG_INFORMATION_FORMAT = "dwarf-with-dsym";
				ENABLE_NS_ASSERTIONS = NO;
				ENABLE_STRICT_OBJC_MSGSEND = YES;
				GCC_C_LANGUAGE_STANDARD = gnu11;
				GCC_NO_COMMON_BLOCKS = YES;
				GCC_WARN_64_TO_32_BIT_CONVERSION = YES;
				GCC_WARN_ABOUT_RETURN_TYPE = YES_ERROR;
				GCC_WARN_UNDECLARED_SELECTOR = YES;
				GCC_WARN_UNINITIALIZED_AUTOS = YES_AGGRESSIVE;
				GCC_WARN_UNUSED_FUNCTION = YES;
				GCC_WARN_UNUSED_VARIABLE = YES;
				IPHONEOS_DEPLOYMENT_TARGET = 16.4;
				MTL_ENABLE_DEBUG_INFO = NO;
				MTL_FAST_MATH = YES;
				SDKROOT = iphoneos;
				SWIFT_COMPILATION_MODE = wholemodule;
				SWIFT_OPTIMIZATION_LEVEL = "-O";
				VALIDATE_PRODUCT = YES;
			};
			name = Release;
		};
		66A5E29829E6D735008DBD42 /* Debug */ = {
			isa = XCBuildConfiguration;
			buildSettings = {
				ASSETCATALOG_COMPILER_APPICON_NAME = AppIcon;
				ASSETCATALOG_COMPILER_GLOBAL_ACCENT_COLOR_NAME = AccentColor;
				CODE_SIGN_STYLE = Automatic;
				CURRENT_PROJECT_VERSION = 1;
				DEVELOPMENT_ASSET_PATHS = "\"GithubUsers/Preview Content\"";
				DEVELOPMENT_TEAM = B57H46XPVY;
				ENABLE_PREVIEWS = YES;
				GENERATE_INFOPLIST_FILE = YES;
				INFOPLIST_KEY_UIApplicationSceneManifest_Generation = YES;
				INFOPLIST_KEY_UIApplicationSupportsIndirectInputEvents = YES;
				INFOPLIST_KEY_UILaunchScreen_Generation = YES;
				INFOPLIST_KEY_UISupportedInterfaceOrientations_iPad = "UIInterfaceOrientationPortrait UIInterfaceOrientationPortraitUpsideDown UIInterfaceOrientationLandscapeLeft UIInterfaceOrientationLandscapeRight";
				INFOPLIST_KEY_UISupportedInterfaceOrientations_iPhone = "UIInterfaceOrientationPortrait UIInterfaceOrientationLandscapeLeft UIInterfaceOrientationLandscapeRight";
				LD_RUNPATH_SEARCH_PATHS = (
					"$(inherited)",
					"@executable_path/Frameworks",
				);
				MARKETING_VERSION = 1.0;
				PRODUCT_BUNDLE_IDENTIFIER = dolenko.com.GithubUsers;
				PRODUCT_NAME = "$(TARGET_NAME)";
				SWIFT_EMIT_LOC_STRINGS = YES;
				SWIFT_VERSION = 5.0;
				TARGETED_DEVICE_FAMILY = "1,2";
			};
			name = Debug;
		};
		66A5E29929E6D735008DBD42 /* Release */ = {
			isa = XCBuildConfiguration;
			buildSettings = {
				ASSETCATALOG_COMPILER_APPICON_NAME = AppIcon;
				ASSETCATALOG_COMPILER_GLOBAL_ACCENT_COLOR_NAME = AccentColor;
				CODE_SIGN_STYLE = Automatic;
				CURRENT_PROJECT_VERSION = 1;
				DEVELOPMENT_ASSET_PATHS = "\"GithubUsers/Preview Content\"";
				DEVELOPMENT_TEAM = B57H46XPVY;
				ENABLE_PREVIEWS = YES;
				GENERATE_INFOPLIST_FILE = YES;
				INFOPLIST_KEY_UIApplicationSceneManifest_Generation = YES;
				INFOPLIST_KEY_UIApplicationSupportsIndirectInputEvents = YES;
				INFOPLIST_KEY_UILaunchScreen_Generation = YES;
				INFOPLIST_KEY_UISupportedInterfaceOrientations_iPad = "UIInterfaceOrientationPortrait UIInterfaceOrientationPortraitUpsideDown UIInterfaceOrientationLandscapeLeft UIInterfaceOrientationLandscapeRight";
				INFOPLIST_KEY_UISupportedInterfaceOrientations_iPhone = "UIInterfaceOrientationPortrait UIInterfaceOrientationLandscapeLeft UIInterfaceOrientationLandscapeRight";
				LD_RUNPATH_SEARCH_PATHS = (
					"$(inherited)",
					"@executable_path/Frameworks",
				);
				MARKETING_VERSION = 1.0;
				PRODUCT_BUNDLE_IDENTIFIER = dolenko.com.GithubUsers;
				PRODUCT_NAME = "$(TARGET_NAME)";
				SWIFT_EMIT_LOC_STRINGS = YES;
				SWIFT_VERSION = 5.0;
				TARGETED_DEVICE_FAMILY = "1,2";
			};
			name = Release;
		};
		66A5E29B29E6D735008DBD42 /* Debug */ = {
			isa = XCBuildConfiguration;
			buildSettings = {
				ALWAYS_EMBED_SWIFT_STANDARD_LIBRARIES = YES;
				BUNDLE_LOADER = "$(TEST_HOST)";
				CODE_SIGN_STYLE = Automatic;
				CURRENT_PROJECT_VERSION = 1;
				DEVELOPMENT_TEAM = B57H46XPVY;
				GENERATE_INFOPLIST_FILE = YES;
				IPHONEOS_DEPLOYMENT_TARGET = 16.4;
				MARKETING_VERSION = 1.0;
				PRODUCT_BUNDLE_IDENTIFIER = dolenko.com.GithubUsersTests;
				PRODUCT_NAME = "$(TARGET_NAME)";
				SWIFT_EMIT_LOC_STRINGS = NO;
				SWIFT_VERSION = 5.0;
				TARGETED_DEVICE_FAMILY = "1,2";
				TEST_HOST = "$(BUILT_PRODUCTS_DIR)/GithubUsers.app/$(BUNDLE_EXECUTABLE_FOLDER_PATH)/GithubUsers";
			};
			name = Debug;
		};
		66A5E29C29E6D735008DBD42 /* Release */ = {
			isa = XCBuildConfiguration;
			buildSettings = {
				ALWAYS_EMBED_SWIFT_STANDARD_LIBRARIES = YES;
				BUNDLE_LOADER = "$(TEST_HOST)";
				CODE_SIGN_STYLE = Automatic;
				CURRENT_PROJECT_VERSION = 1;
				DEVELOPMENT_TEAM = B57H46XPVY;
				GENERATE_INFOPLIST_FILE = YES;
				IPHONEOS_DEPLOYMENT_TARGET = 16.4;
				MARKETING_VERSION = 1.0;
				PRODUCT_BUNDLE_IDENTIFIER = dolenko.com.GithubUsersTests;
				PRODUCT_NAME = "$(TARGET_NAME)";
				SWIFT_EMIT_LOC_STRINGS = NO;
				SWIFT_VERSION = 5.0;
				TARGETED_DEVICE_FAMILY = "1,2";
				TEST_HOST = "$(BUILT_PRODUCTS_DIR)/GithubUsers.app/$(BUNDLE_EXECUTABLE_FOLDER_PATH)/GithubUsers";
			};
			name = Release;
		};
/* End XCBuildConfiguration section */

/* Begin XCConfigurationList section */
		66A5E26E29E6D733008DBD42 /* Build configuration list for PBXProject "GithubUsers" */ = {
			isa = XCConfigurationList;
			buildConfigurations = (
				66A5E29529E6D735008DBD42 /* Debug */,
				66A5E29629E6D735008DBD42 /* Release */,
			);
			defaultConfigurationIsVisible = 0;
			defaultConfigurationName = Release;
		};
		66A5E29729E6D735008DBD42 /* Build configuration list for PBXNativeTarget "GithubUsers" */ = {
			isa = XCConfigurationList;
			buildConfigurations = (
				66A5E29829E6D735008DBD42 /* Debug */,
				66A5E29929E6D735008DBD42 /* Release */,
			);
			defaultConfigurationIsVisible = 0;
			defaultConfigurationName = Release;
		};
		66A5E29A29E6D735008DBD42 /* Build configuration list for PBXNativeTarget "GithubUsersTests" */ = {
			isa = XCConfigurationList;
			buildConfigurations = (
				66A5E29B29E6D735008DBD42 /* Debug */,
				66A5E29C29E6D735008DBD42 /* Release */,
			);
			defaultConfigurationIsVisible = 0;
			defaultConfigurationName = Release;
		};
/* End XCConfigurationList section */

/* Begin XCRemoteSwiftPackageReference section */
		66A5E2C029E70332008DBD42 /* XCRemoteSwiftPackageReference "Swinject" */ = {
			isa = XCRemoteSwiftPackageReference;
			repositoryURL = "https://github.com/Swinject/Swinject";
			requirement = {
				kind = upToNextMajorVersion;
				minimumVersion = 2.0.0;
			};
		};
/* End XCRemoteSwiftPackageReference section */

/* Begin XCSwiftPackageProductDependency section */
		66A5E2C129E70332008DBD42 /* Swinject */ = {
			isa = XCSwiftPackageProductDependency;
			package = 66A5E2C029E70332008DBD42 /* XCRemoteSwiftPackageReference "Swinject" */;
			productName = Swinject;
		};
/* End XCSwiftPackageProductDependency section */
	};
	rootObject = 66A5E26B29E6D733008DBD42 /* Project object */;
}
