// !$*UTF8*$!
{
	archiveVersion = 1;
	classes = {
	};
	objectVersion = 56;
	objects = {

/* Begin PBXBuildFile section */
		661998B72A37638B00C5CA8A /* RxSwiftEmptyTargerApp.swift in Sources */ = {isa = PBXBuildFile; fileRef = 661998B62A37638B00C5CA8A /* RxSwiftEmptyTargerApp.swift */; };
		661998B92A37638B00C5CA8A /* ContentView.swift in Sources */ = {isa = PBXBuildFile; fileRef = 661998B82A37638B00C5CA8A /* ContentView.swift */; };
		661998BB2A37638D00C5CA8A /* Assets.xcassets in Resources */ = {isa = PBXBuildFile; fileRef = 661998BA2A37638D00C5CA8A /* Assets.xcassets */; };
		661998BE2A37638D00C5CA8A /* Preview Assets.xcassets in Resources */ = {isa = PBXBuildFile; fileRef = 661998BD2A37638D00C5CA8A /* Preview Assets.xcassets */; };
		661998C32A37639700C5CA8A /* RxSwift in Frameworks */ = {isa = PBXBuildFile; productRef = 661998C22A37639700C5CA8A /* RxSwift */; };
		661998DC2A3B26B300C5CA8A /* GithubBrowserMVVMApp.swift in Sources */ = {isa = PBXBuildFile; fileRef = 661998DB2A3B26B300C5CA8A /* GithubBrowserMVVMApp.swift */; };
		661998E02A3B26B500C5CA8A /* Assets.xcassets in Resources */ = {isa = PBXBuildFile; fileRef = 661998DF2A3B26B500C5CA8A /* Assets.xcassets */; };
		661998E32A3B26B500C5CA8A /* Preview Assets.xcassets in Resources */ = {isa = PBXBuildFile; fileRef = 661998E22A3B26B500C5CA8A /* Preview Assets.xcassets */; };
		661999142A3B384000C5CA8A /* UserSearchMVVM in Frameworks */ = {isa = PBXBuildFile; productRef = 661999132A3B384000C5CA8A /* UserSearchMVVM */; };
		6634010B2A1CE96600BC0C4D /* SignUpFlowApp.swift in Sources */ = {isa = PBXBuildFile; fileRef = 6634010A2A1CE96600BC0C4D /* SignUpFlowApp.swift */; };
		6634010F2A1CE96800BC0C4D /* Assets.xcassets in Resources */ = {isa = PBXBuildFile; fileRef = 6634010E2A1CE96800BC0C4D /* Assets.xcassets */; };
		663401122A1CE96800BC0C4D /* Preview Assets.xcassets in Resources */ = {isa = PBXBuildFile; fileRef = 663401112A1CE96800BC0C4D /* Preview Assets.xcassets */; };
		6634011C2A1CE96800BC0C4D /* SignUpFlowTests.swift in Sources */ = {isa = PBXBuildFile; fileRef = 6634011B2A1CE96800BC0C4D /* SignUpFlowTests.swift */; };
		663401332A1CE9AC00BC0C4D /* SetPasswordView.swift in Sources */ = {isa = PBXBuildFile; fileRef = 6694697F2A02AFFB00081F48 /* SetPasswordView.swift */; };
		663401342A1CE9B400BC0C4D /* Input.swift in Sources */ = {isa = PBXBuildFile; fileRef = 66E9DED02A067E6900958BD2 /* Input.swift */; };
		663401352A1CE9B400BC0C4D /* SetPasswordViewModel.swift in Sources */ = {isa = PBXBuildFile; fileRef = 669469822A02AFFB00081F48 /* SetPasswordViewModel.swift */; };
		663401362A1CE9B400BC0C4D /* PrimaryButtonStyle.swift in Sources */ = {isa = PBXBuildFile; fileRef = 66E9DECE2A067E4B00958BD2 /* PrimaryButtonStyle.swift */; };
		663401372A1CE9B400BC0C4D /* FlowLayout.swift in Sources */ = {isa = PBXBuildFile; fileRef = 66E9DECC2A067E2000958BD2 /* FlowLayout.swift */; };
		6634013A2A1CED5A00BC0C4D /* Swinject in Frameworks */ = {isa = PBXBuildFile; productRef = 663401392A1CED5A00BC0C4D /* Swinject */; };
		663E3EBF2A3F7E49006054C5 /* Assets.xcassets in Resources */ = {isa = PBXBuildFile; fileRef = 663E3EBA2A3F7E49006054C5 /* Assets.xcassets */; };
		663E3EC02A3F7E49006054C5 /* Preview Assets.xcassets in Resources */ = {isa = PBXBuildFile; fileRef = 663E3EBC2A3F7E49006054C5 /* Preview Assets.xcassets */; };
		663E3EC32A3F7EDE006054C5 /* AppDelegate.swift in Sources */ = {isa = PBXBuildFile; fileRef = 663E3EC22A3F7EDE006054C5 /* AppDelegate.swift */; };
		663E3EC52A3F7F02006054C5 /* SceneDelegate.swift in Sources */ = {isa = PBXBuildFile; fileRef = 663E3EC42A3F7F02006054C5 /* SceneDelegate.swift */; };
		663E3EC72A3F7FE3006054C5 /* UserSearchMVVMC in Frameworks */ = {isa = PBXBuildFile; productRef = 663E3EC62A3F7FE3006054C5 /* UserSearchMVVMC */; };
		663E3EC92A3F7FEB006054C5 /* UserSearchNetworking in Frameworks */ = {isa = PBXBuildFile; productRef = 663E3EC82A3F7FEB006054C5 /* UserSearchNetworking */; };
		663E3ECE2A404031006054C5 /* AppCoordinator.swift in Sources */ = {isa = PBXBuildFile; fileRef = 663E3ECD2A404031006054C5 /* AppCoordinator.swift */; };
		663E3EE92A40A25E006054C5 /* Assets.xcassets in Resources */ = {isa = PBXBuildFile; fileRef = 663E3EE32A40A25D006054C5 /* Assets.xcassets */; };
		663E3EEB2A40A25E006054C5 /* AppCoordinator.swift in Sources */ = {isa = PBXBuildFile; fileRef = 663E3EE52A40A25D006054C5 /* AppCoordinator.swift */; };
		663E3EEC2A40A25E006054C5 /* AppDelegate.swift in Sources */ = {isa = PBXBuildFile; fileRef = 663E3EE62A40A25E006054C5 /* AppDelegate.swift */; };
		663E3EED2A40A25E006054C5 /* SceneDelegate.swift in Sources */ = {isa = PBXBuildFile; fileRef = 663E3EE72A40A25E006054C5 /* SceneDelegate.swift */; };
		663E3EEF2A40A269006054C5 /* UserSearchNetworking in Frameworks */ = {isa = PBXBuildFile; productRef = 663E3EEE2A40A269006054C5 /* UserSearchNetworking */; };
		663E3EF12A40A26D006054C5 /* UserSearchMVVMCUIKit in Frameworks */ = {isa = PBXBuildFile; productRef = 663E3EF02A40A26D006054C5 /* UserSearchMVVMCUIKit */; };
		6651F2FF2A3F3B32006A197A /* UserSearchNetworking in Frameworks */ = {isa = PBXBuildFile; productRef = 6651F2FE2A3F3B32006A197A /* UserSearchNetworking */; };
		6694BB012A4C4D350095DD5F /* HomeCoordinator.swift in Sources */ = {isa = PBXBuildFile; fileRef = 6694BB002A4C4D350095DD5F /* HomeCoordinator.swift */; };
		6694BB032A4C4D4D0095DD5F /* HomeViewModel.swift in Sources */ = {isa = PBXBuildFile; fileRef = 6694BB022A4C4D4D0095DD5F /* HomeViewModel.swift */; };
		66A5E27729E6D733008DBD42 /* GithubUsersApp.swift in Sources */ = {isa = PBXBuildFile; fileRef = 66A5E27629E6D733008DBD42 /* GithubUsersApp.swift */; };
		66A5E27929E6D733008DBD42 /* ListView.swift in Sources */ = {isa = PBXBuildFile; fileRef = 66A5E27829E6D733008DBD42 /* ListView.swift */; };
		66A5E27B29E6D735008DBD42 /* Assets.xcassets in Resources */ = {isa = PBXBuildFile; fileRef = 66A5E27A29E6D735008DBD42 /* Assets.xcassets */; };
		66A5E27E29E6D735008DBD42 /* Preview Assets.xcassets in Resources */ = {isa = PBXBuildFile; fileRef = 66A5E27D29E6D735008DBD42 /* Preview Assets.xcassets */; };
		66A5E2A129E6DCCE008DBD42 /* UserDetailView.swift in Sources */ = {isa = PBXBuildFile; fileRef = 66A5E2A029E6DCCE008DBD42 /* UserDetailView.swift */; };
		66A5E2A529E6DD05008DBD42 /* UserListViewModel.swift in Sources */ = {isa = PBXBuildFile; fileRef = 66A5E2A429E6DD05008DBD42 /* UserListViewModel.swift */; };
		66A5E2AB29E6DD3B008DBD42 /* User.swift in Sources */ = {isa = PBXBuildFile; fileRef = 66A5E2AA29E6DD3B008DBD42 /* User.swift */; };
		66A5E2AE29E6DD63008DBD42 /* UserListRepositoryMock.swift in Sources */ = {isa = PBXBuildFile; fileRef = 66A5E2AD29E6DD63008DBD42 /* UserListRepositoryMock.swift */; };
		66A5E2B129E6DE44008DBD42 /* NetworkServiceMock.swift in Sources */ = {isa = PBXBuildFile; fileRef = 66A5E2B029E6DE44008DBD42 /* NetworkServiceMock.swift */; };
		66A5E2B329E6E160008DBD42 /* UserBio.swift in Sources */ = {isa = PBXBuildFile; fileRef = 66A5E2B229E6E160008DBD42 /* UserBio.swift */; };
		66A5E2B929E6ECF9008DBD42 /* UserDetailViewModel.swift in Sources */ = {isa = PBXBuildFile; fileRef = 66A5E2B829E6ECF9008DBD42 /* UserDetailViewModel.swift */; };
		66A5E2BB29E6ED11008DBD42 /* UserDetailRepository.swift in Sources */ = {isa = PBXBuildFile; fileRef = 66A5E2BA29E6ED11008DBD42 /* UserDetailRepository.swift */; };
		66AD45162A4C2F8D007B6FEF /* GithubBrowserTCAApp.swift in Sources */ = {isa = PBXBuildFile; fileRef = 66AD45112A4C2F8D007B6FEF /* GithubBrowserTCAApp.swift */; };
		66AD45172A4C2F8D007B6FEF /* Assets.xcassets in Resources */ = {isa = PBXBuildFile; fileRef = 66AD45122A4C2F8D007B6FEF /* Assets.xcassets */; };
		66AD451B2A4C371E007B6FEF /* UserSearchTCA in Frameworks */ = {isa = PBXBuildFile; productRef = 66AD451A2A4C371E007B6FEF /* UserSearchTCA */; };
		66AD451D2A4C3724007B6FEF /* UserSearchNetworking in Frameworks */ = {isa = PBXBuildFile; productRef = 66AD451C2A4C3724007B6FEF /* UserSearchNetworking */; };
		66AD45202A4C37A1007B6FEF /* ComposableArchitecture in Frameworks */ = {isa = PBXBuildFile; productRef = 66AD451F2A4C37A1007B6FEF /* ComposableArchitecture */; };
		66AD45232A4C3E15007B6FEF /* HomeView.swift in Sources */ = {isa = PBXBuildFile; fileRef = 66AD45212A4C3E10007B6FEF /* HomeView.swift */; };
		66AD45262A4C4CC7007B6FEF /* Preview Assets.xcassets in Resources */ = {isa = PBXBuildFile; fileRef = 66AD45252A4C4CC7007B6FEF /* Preview Assets.xcassets */; };
/* End PBXBuildFile section */

/* Begin PBXContainerItemProxy section */
		663401182A1CE96800BC0C4D /* PBXContainerItemProxy */ = {
			isa = PBXContainerItemProxy;
			containerPortal = 66A5E26B29E6D733008DBD42 /* Project object */;
			proxyType = 1;
			remoteGlobalIDString = 663401072A1CE96600BC0C4D;
			remoteInfo = SignUpFlow;
		};
		668A12C72A2636B50090DE15 /* PBXContainerItemProxy */ = {
			isa = PBXContainerItemProxy;
			containerPortal = 66A5E26B29E6D733008DBD42 /* Project object */;
			proxyType = 1;
			remoteGlobalIDString = 668A12B62A2636B30090DE15;
			remoteInfo = GithubBrowser;
		};
/* End PBXContainerItemProxy section */

/* Begin PBXFileReference section */
		661998B42A37638B00C5CA8A /* RxSwiftEmptyTarget.app */ = {isa = PBXFileReference; explicitFileType = wrapper.application; includeInIndex = 0; path = RxSwiftEmptyTarget.app; sourceTree = BUILT_PRODUCTS_DIR; };
		661998B62A37638B00C5CA8A /* RxSwiftEmptyTargerApp.swift */ = {isa = PBXFileReference; lastKnownFileType = sourcecode.swift; path = RxSwiftEmptyTargerApp.swift; sourceTree = "<group>"; };
		661998B82A37638B00C5CA8A /* ContentView.swift */ = {isa = PBXFileReference; lastKnownFileType = sourcecode.swift; path = ContentView.swift; sourceTree = "<group>"; };
		661998BA2A37638D00C5CA8A /* Assets.xcassets */ = {isa = PBXFileReference; lastKnownFileType = folder.assetcatalog; path = Assets.xcassets; sourceTree = "<group>"; };
		661998BD2A37638D00C5CA8A /* Preview Assets.xcassets */ = {isa = PBXFileReference; lastKnownFileType = folder.assetcatalog; path = "Preview Assets.xcassets"; sourceTree = "<group>"; };
		661998D02A3B249400C5CA8A /* DependencyInjection.playground */ = {isa = PBXFileReference; lastKnownFileType = file.playground; path = DependencyInjection.playground; sourceTree = "<group>"; xcLanguageSpecificationIdentifier = xcode.lang.swift; };
		661998D22A3B258400C5CA8A /* Principles.playground */ = {isa = PBXFileReference; lastKnownFileType = file.playground; path = Principles.playground; sourceTree = "<group>"; xcLanguageSpecificationIdentifier = xcode.lang.swift; };
		661998D32A3B25DF00C5CA8A /* SOLID.playground */ = {isa = PBXFileReference; lastKnownFileType = file.playground; path = SOLID.playground; sourceTree = "<group>"; xcLanguageSpecificationIdentifier = xcode.lang.swift; };
		661998D42A3B262200C5CA8A /* Memory.playground */ = {isa = PBXFileReference; lastKnownFileType = file.playground; path = Memory.playground; sourceTree = "<group>"; xcLanguageSpecificationIdentifier = xcode.lang.swift; };
		661998D92A3B26B200C5CA8A /* GithubBrowserMVVM.app */ = {isa = PBXFileReference; explicitFileType = wrapper.application; includeInIndex = 0; path = GithubBrowserMVVM.app; sourceTree = BUILT_PRODUCTS_DIR; };
		661998DB2A3B26B300C5CA8A /* GithubBrowserMVVMApp.swift */ = {isa = PBXFileReference; lastKnownFileType = sourcecode.swift; path = GithubBrowserMVVMApp.swift; sourceTree = "<group>"; };
		661998DF2A3B26B500C5CA8A /* Assets.xcassets */ = {isa = PBXFileReference; lastKnownFileType = folder.assetcatalog; path = Assets.xcassets; sourceTree = "<group>"; };
		661998E22A3B26B500C5CA8A /* Preview Assets.xcassets */ = {isa = PBXFileReference; lastKnownFileType = folder.assetcatalog; path = "Preview Assets.xcassets"; sourceTree = "<group>"; };
		661999122A3B331D00C5CA8A /* Modules */ = {isa = PBXFileReference; lastKnownFileType = wrapper; path = Modules; sourceTree = "<group>"; };
		663401082A1CE96600BC0C4D /* SignUpFlow.app */ = {isa = PBXFileReference; explicitFileType = wrapper.application; includeInIndex = 0; path = SignUpFlow.app; sourceTree = BUILT_PRODUCTS_DIR; };
		6634010A2A1CE96600BC0C4D /* SignUpFlowApp.swift */ = {isa = PBXFileReference; lastKnownFileType = sourcecode.swift; path = SignUpFlowApp.swift; sourceTree = "<group>"; };
		6634010E2A1CE96800BC0C4D /* Assets.xcassets */ = {isa = PBXFileReference; lastKnownFileType = folder.assetcatalog; path = Assets.xcassets; sourceTree = "<group>"; };
		663401112A1CE96800BC0C4D /* Preview Assets.xcassets */ = {isa = PBXFileReference; lastKnownFileType = folder.assetcatalog; path = "Preview Assets.xcassets"; sourceTree = "<group>"; };
		663401172A1CE96800BC0C4D /* SignUpFlowTests.xctest */ = {isa = PBXFileReference; explicitFileType = wrapper.cfbundle; includeInIndex = 0; path = SignUpFlowTests.xctest; sourceTree = BUILT_PRODUCTS_DIR; };
		6634011B2A1CE96800BC0C4D /* SignUpFlowTests.swift */ = {isa = PBXFileReference; lastKnownFileType = sourcecode.swift; path = SignUpFlowTests.swift; sourceTree = "<group>"; };
		663E3EBA2A3F7E49006054C5 /* Assets.xcassets */ = {isa = PBXFileReference; lastKnownFileType = folder.assetcatalog; path = Assets.xcassets; sourceTree = "<group>"; };
		663E3EBC2A3F7E49006054C5 /* Preview Assets.xcassets */ = {isa = PBXFileReference; lastKnownFileType = folder.assetcatalog; path = "Preview Assets.xcassets"; sourceTree = "<group>"; };
		663E3EC22A3F7EDE006054C5 /* AppDelegate.swift */ = {isa = PBXFileReference; lastKnownFileType = sourcecode.swift; path = AppDelegate.swift; sourceTree = "<group>"; };
		663E3EC42A3F7F02006054C5 /* SceneDelegate.swift */ = {isa = PBXFileReference; lastKnownFileType = sourcecode.swift; path = SceneDelegate.swift; sourceTree = "<group>"; };
		663E3ECA2A3F82C0006054C5 /* Info.plist */ = {isa = PBXFileReference; lastKnownFileType = text.plist.xml; path = Info.plist; sourceTree = "<group>"; };
		663E3ECD2A404031006054C5 /* AppCoordinator.swift */ = {isa = PBXFileReference; lastKnownFileType = sourcecode.swift; path = AppCoordinator.swift; sourceTree = "<group>"; };
		663E3ED32A40A214006054C5 /* GithubBrowserMVVMCUIKit.app */ = {isa = PBXFileReference; explicitFileType = wrapper.application; includeInIndex = 0; path = GithubBrowserMVVMCUIKit.app; sourceTree = BUILT_PRODUCTS_DIR; };
		663E3EE32A40A25D006054C5 /* Assets.xcassets */ = {isa = PBXFileReference; lastKnownFileType = folder.assetcatalog; path = Assets.xcassets; sourceTree = "<group>"; };
		663E3EE42A40A25D006054C5 /* Info.plist */ = {isa = PBXFileReference; fileEncoding = 4; lastKnownFileType = text.plist.xml; path = Info.plist; sourceTree = "<group>"; };
		663E3EE52A40A25D006054C5 /* AppCoordinator.swift */ = {isa = PBXFileReference; fileEncoding = 4; lastKnownFileType = sourcecode.swift; path = AppCoordinator.swift; sourceTree = "<group>"; };
		663E3EE62A40A25E006054C5 /* AppDelegate.swift */ = {isa = PBXFileReference; fileEncoding = 4; lastKnownFileType = sourcecode.swift; path = AppDelegate.swift; sourceTree = "<group>"; };
		663E3EE72A40A25E006054C5 /* SceneDelegate.swift */ = {isa = PBXFileReference; fileEncoding = 4; lastKnownFileType = sourcecode.swift; path = SceneDelegate.swift; sourceTree = "<group>"; };
		664378022A4C2F5D00322E2F /* GithubBrowserTCA.app */ = {isa = PBXFileReference; explicitFileType = wrapper.application; includeInIndex = 0; path = GithubBrowserTCA.app; sourceTree = BUILT_PRODUCTS_DIR; };
		668A12B72A2636B30090DE15 /* GithubBrowser.app */ = {isa = PBXFileReference; explicitFileType = wrapper.application; includeInIndex = 0; path = GithubBrowser.app; sourceTree = BUILT_PRODUCTS_DIR; };
		668A12C62A2636B50090DE15 /* GithubBrowserTests.xctest */ = {isa = PBXFileReference; explicitFileType = wrapper.cfbundle; includeInIndex = 0; path = GithubBrowserTests.xctest; sourceTree = BUILT_PRODUCTS_DIR; };
		668EEFFB2A3F7E1C0046B0DA /* GithubBrowserMVVMC.app */ = {isa = PBXFileReference; explicitFileType = wrapper.application; includeInIndex = 0; path = GithubBrowserMVVMC.app; sourceTree = BUILT_PRODUCTS_DIR; };
		6694697F2A02AFFB00081F48 /* SetPasswordView.swift */ = {isa = PBXFileReference; fileEncoding = 4; lastKnownFileType = sourcecode.swift; path = SetPasswordView.swift; sourceTree = "<group>"; };
		669469822A02AFFB00081F48 /* SetPasswordViewModel.swift */ = {isa = PBXFileReference; fileEncoding = 4; lastKnownFileType = sourcecode.swift; path = SetPasswordViewModel.swift; sourceTree = "<group>"; };
		6694BB002A4C4D350095DD5F /* HomeCoordinator.swift */ = {isa = PBXFileReference; lastKnownFileType = sourcecode.swift; path = HomeCoordinator.swift; sourceTree = "<group>"; };
		6694BB022A4C4D4D0095DD5F /* HomeViewModel.swift */ = {isa = PBXFileReference; lastKnownFileType = sourcecode.swift; path = HomeViewModel.swift; sourceTree = "<group>"; };
		66A5E27329E6D733008DBD42 /* GithubUsers.app */ = {isa = PBXFileReference; explicitFileType = wrapper.application; includeInIndex = 0; path = GithubUsers.app; sourceTree = BUILT_PRODUCTS_DIR; };
		66A5E27629E6D733008DBD42 /* GithubUsersApp.swift */ = {isa = PBXFileReference; lastKnownFileType = sourcecode.swift; path = GithubUsersApp.swift; sourceTree = "<group>"; };
		66A5E27829E6D733008DBD42 /* ListView.swift */ = {isa = PBXFileReference; lastKnownFileType = sourcecode.swift; path = ListView.swift; sourceTree = "<group>"; };
		66A5E27A29E6D735008DBD42 /* Assets.xcassets */ = {isa = PBXFileReference; lastKnownFileType = folder.assetcatalog; path = Assets.xcassets; sourceTree = "<group>"; };
		66A5E27D29E6D735008DBD42 /* Preview Assets.xcassets */ = {isa = PBXFileReference; lastKnownFileType = folder.assetcatalog; path = "Preview Assets.xcassets"; sourceTree = "<group>"; };
		66A5E2A029E6DCCE008DBD42 /* UserDetailView.swift */ = {isa = PBXFileReference; lastKnownFileType = sourcecode.swift; path = UserDetailView.swift; sourceTree = "<group>"; };
		66A5E2A429E6DD05008DBD42 /* UserListViewModel.swift */ = {isa = PBXFileReference; lastKnownFileType = sourcecode.swift; path = UserListViewModel.swift; sourceTree = "<group>"; };
		66A5E2AA29E6DD3B008DBD42 /* User.swift */ = {isa = PBXFileReference; lastKnownFileType = sourcecode.swift; path = User.swift; sourceTree = "<group>"; };
		66A5E2AD29E6DD63008DBD42 /* UserListRepositoryMock.swift */ = {isa = PBXFileReference; lastKnownFileType = sourcecode.swift; path = UserListRepositoryMock.swift; sourceTree = "<group>"; };
		66A5E2B029E6DE44008DBD42 /* NetworkServiceMock.swift */ = {isa = PBXFileReference; lastKnownFileType = sourcecode.swift; path = NetworkServiceMock.swift; sourceTree = "<group>"; };
		66A5E2B229E6E160008DBD42 /* UserBio.swift */ = {isa = PBXFileReference; lastKnownFileType = sourcecode.swift; path = UserBio.swift; sourceTree = "<group>"; };
		66A5E2B429E6E369008DBD42 /* Playground.playground */ = {isa = PBXFileReference; lastKnownFileType = file.playground; path = Playground.playground; sourceTree = "<group>"; xcLanguageSpecificationIdentifier = xcode.lang.swift; };
		66A5E2B829E6ECF9008DBD42 /* UserDetailViewModel.swift */ = {isa = PBXFileReference; lastKnownFileType = sourcecode.swift; path = UserDetailViewModel.swift; sourceTree = "<group>"; };
		66A5E2BA29E6ED11008DBD42 /* UserDetailRepository.swift */ = {isa = PBXFileReference; lastKnownFileType = sourcecode.swift; path = UserDetailRepository.swift; sourceTree = "<group>"; };
		66AD45112A4C2F8D007B6FEF /* GithubBrowserTCAApp.swift */ = {isa = PBXFileReference; fileEncoding = 4; lastKnownFileType = sourcecode.swift; path = GithubBrowserTCAApp.swift; sourceTree = "<group>"; };
		66AD45122A4C2F8D007B6FEF /* Assets.xcassets */ = {isa = PBXFileReference; lastKnownFileType = folder.assetcatalog; path = Assets.xcassets; sourceTree = "<group>"; };
		66AD45212A4C3E10007B6FEF /* HomeView.swift */ = {isa = PBXFileReference; fileEncoding = 4; lastKnownFileType = sourcecode.swift; path = HomeView.swift; sourceTree = "<group>"; };
		66AD45252A4C4CC7007B6FEF /* Preview Assets.xcassets */ = {isa = PBXFileReference; lastKnownFileType = folder.assetcatalog; path = "Preview Assets.xcassets"; sourceTree = "<group>"; };
		66DE8DEB29FD30D800BC972E /* Advanced iOS.xctestplan */ = {isa = PBXFileReference; lastKnownFileType = text; path = "Advanced iOS.xctestplan"; sourceTree = "<group>"; };
		66E9DECC2A067E2000958BD2 /* FlowLayout.swift */ = {isa = PBXFileReference; lastKnownFileType = sourcecode.swift; path = FlowLayout.swift; sourceTree = "<group>"; };
		66E9DECE2A067E4B00958BD2 /* PrimaryButtonStyle.swift */ = {isa = PBXFileReference; lastKnownFileType = sourcecode.swift; path = PrimaryButtonStyle.swift; sourceTree = "<group>"; };
		66E9DED02A067E6900958BD2 /* Input.swift */ = {isa = PBXFileReference; lastKnownFileType = sourcecode.swift; path = Input.swift; sourceTree = "<group>"; };
/* End PBXFileReference section */

/* Begin PBXFrameworksBuildPhase section */
		661998B12A37638B00C5CA8A /* Frameworks */ = {
			isa = PBXFrameworksBuildPhase;
			buildActionMask = 2147483647;
			files = (
				661998C32A37639700C5CA8A /* RxSwift in Frameworks */,
			);
			runOnlyForDeploymentPostprocessing = 0;
		};
		661998D62A3B26B200C5CA8A /* Frameworks */ = {
			isa = PBXFrameworksBuildPhase;
			buildActionMask = 2147483647;
			files = (
				661999142A3B384000C5CA8A /* UserSearchMVVM in Frameworks */,
				6651F2FF2A3F3B32006A197A /* UserSearchNetworking in Frameworks */,
			);
			runOnlyForDeploymentPostprocessing = 0;
		};
		663401052A1CE96600BC0C4D /* Frameworks */ = {
			isa = PBXFrameworksBuildPhase;
			buildActionMask = 2147483647;
			files = (
			);
			runOnlyForDeploymentPostprocessing = 0;
		};
		663401142A1CE96800BC0C4D /* Frameworks */ = {
			isa = PBXFrameworksBuildPhase;
			buildActionMask = 2147483647;
			files = (
			);
			runOnlyForDeploymentPostprocessing = 0;
		};
		663E3ED02A40A214006054C5 /* Frameworks */ = {
			isa = PBXFrameworksBuildPhase;
			buildActionMask = 2147483647;
			files = (
				663E3EF12A40A26D006054C5 /* UserSearchMVVMCUIKit in Frameworks */,
				663E3EEF2A40A269006054C5 /* UserSearchNetworking in Frameworks */,
			);
			runOnlyForDeploymentPostprocessing = 0;
		};
		664377FF2A4C2F5D00322E2F /* Frameworks */ = {
			isa = PBXFrameworksBuildPhase;
			buildActionMask = 2147483647;
			files = (
				66AD451B2A4C371E007B6FEF /* UserSearchTCA in Frameworks */,
				66AD451D2A4C3724007B6FEF /* UserSearchNetworking in Frameworks */,
				66AD45202A4C37A1007B6FEF /* ComposableArchitecture in Frameworks */,
			);
			runOnlyForDeploymentPostprocessing = 0;
		};
		668A12B42A2636B30090DE15 /* Frameworks */ = {
			isa = PBXFrameworksBuildPhase;
			buildActionMask = 2147483647;
			files = (
			);
			runOnlyForDeploymentPostprocessing = 0;
		};
		668A12C32A2636B50090DE15 /* Frameworks */ = {
			isa = PBXFrameworksBuildPhase;
			buildActionMask = 2147483647;
			files = (
			);
			runOnlyForDeploymentPostprocessing = 0;
		};
		668EEFF82A3F7E1C0046B0DA /* Frameworks */ = {
			isa = PBXFrameworksBuildPhase;
			buildActionMask = 2147483647;
			files = (
				663E3EC72A3F7FE3006054C5 /* UserSearchMVVMC in Frameworks */,
				663E3EC92A3F7FEB006054C5 /* UserSearchNetworking in Frameworks */,
			);
			runOnlyForDeploymentPostprocessing = 0;
		};
		66A5E27029E6D733008DBD42 /* Frameworks */ = {
			isa = PBXFrameworksBuildPhase;
			buildActionMask = 2147483647;
			files = (
				6634013A2A1CED5A00BC0C4D /* Swinject in Frameworks */,
			);
			runOnlyForDeploymentPostprocessing = 0;
		};
/* End PBXFrameworksBuildPhase section */

/* Begin PBXGroup section */
		661998B52A37638B00C5CA8A /* RxSwiftEmptyTarget */ = {
			isa = PBXGroup;
			children = (
				661998B62A37638B00C5CA8A /* RxSwiftEmptyTargerApp.swift */,
				661998B82A37638B00C5CA8A /* ContentView.swift */,
				661998BA2A37638D00C5CA8A /* Assets.xcassets */,
				661998BC2A37638D00C5CA8A /* Preview Content */,
			);
			path = RxSwiftEmptyTarget;
			sourceTree = "<group>";
		};
		661998BC2A37638D00C5CA8A /* Preview Content */ = {
			isa = PBXGroup;
			children = (
				661998BD2A37638D00C5CA8A /* Preview Assets.xcassets */,
			);
			path = "Preview Content";
			sourceTree = "<group>";
		};
		661998CF2A3B22DD00C5CA8A /* ArchitectureApps */ = {
			isa = PBXGroup;
			children = (
				66AD45102A4C2F8D007B6FEF /* GithubBrowserTCA */,
				661998DA2A3B26B300C5CA8A /* GithubBrowserMVVM */,
				663E3EB82A3F7E49006054C5 /* GithubBrowserMVVMC */,
				663E3ED42A40A214006054C5 /* GithubBrowserMVVMCUIKit */,
			);
			path = ArchitectureApps;
			sourceTree = "<group>";
		};
		661998D12A3B256C00C5CA8A /* Playground */ = {
			isa = PBXGroup;
			children = (
				661998D42A3B262200C5CA8A /* Memory.playground */,
				661998D02A3B249400C5CA8A /* DependencyInjection.playground */,
				661998D22A3B258400C5CA8A /* Principles.playground */,
				661998D32A3B25DF00C5CA8A /* SOLID.playground */,
				66A5E2B429E6E369008DBD42 /* Playground.playground */,
			);
			path = Playground;
			sourceTree = "<group>";
		};
		661998DA2A3B26B300C5CA8A /* GithubBrowserMVVM */ = {
			isa = PBXGroup;
			children = (
				66AD45292A4C4CFA007B6FEF /* Resources */,
				661998DB2A3B26B300C5CA8A /* GithubBrowserMVVMApp.swift */,
			);
			path = GithubBrowserMVVM;
			sourceTree = "<group>";
		};
		661998E12A3B26B500C5CA8A /* Preview Content */ = {
			isa = PBXGroup;
			children = (
				661998E22A3B26B500C5CA8A /* Preview Assets.xcassets */,
			);
			path = "Preview Content";
			sourceTree = "<group>";
		};
		663401092A1CE96600BC0C4D /* SignUpFlow */ = {
			isa = PBXGroup;
			children = (
				6694697C2A02AFFB00081F48 /* SetPasswordView */,
				6634010A2A1CE96600BC0C4D /* SignUpFlowApp.swift */,
				6634010E2A1CE96800BC0C4D /* Assets.xcassets */,
				663401102A1CE96800BC0C4D /* Preview Content */,
			);
			path = SignUpFlow;
			sourceTree = "<group>";
		};
		663401102A1CE96800BC0C4D /* Preview Content */ = {
			isa = PBXGroup;
			children = (
				663401112A1CE96800BC0C4D /* Preview Assets.xcassets */,
			);
			path = "Preview Content";
			sourceTree = "<group>";
		};
		6634011A2A1CE96800BC0C4D /* SignUpFlowTests */ = {
			isa = PBXGroup;
			children = (
				6634011B2A1CE96800BC0C4D /* SignUpFlowTests.swift */,
			);
			path = SignUpFlowTests;
			sourceTree = "<group>";
		};
		663E3EB82A3F7E49006054C5 /* GithubBrowserMVVMC */ = {
			isa = PBXGroup;
			children = (
				66AD45282A4C4CF1007B6FEF /* Resources */,
				663E3EC22A3F7EDE006054C5 /* AppDelegate.swift */,
				663E3EC42A3F7F02006054C5 /* SceneDelegate.swift */,
				663E3ECD2A404031006054C5 /* AppCoordinator.swift */,
			);
			path = GithubBrowserMVVMC;
			sourceTree = "<group>";
		};
		663E3EBB2A3F7E49006054C5 /* Preview Content */ = {
			isa = PBXGroup;
			children = (
				663E3EBC2A3F7E49006054C5 /* Preview Assets.xcassets */,
			);
			path = "Preview Content";
			sourceTree = "<group>";
		};
		663E3ED42A40A214006054C5 /* GithubBrowserMVVMCUIKit */ = {
			isa = PBXGroup;
			children = (
				6694BAFF2A4C4D250095DD5F /* Home */,
				66AD45272A4C4CE0007B6FEF /* Resources */,
				663E3EE52A40A25D006054C5 /* AppCoordinator.swift */,
				663E3EE62A40A25E006054C5 /* AppDelegate.swift */,
				663E3EE72A40A25E006054C5 /* SceneDelegate.swift */,
			);
			path = GithubBrowserMVVMCUIKit;
			sourceTree = "<group>";
		};
		6694697C2A02AFFB00081F48 /* SetPasswordView */ = {
			isa = PBXGroup;
			children = (
				66E9DECB2A067E1600958BD2 /* View */,
				669469822A02AFFB00081F48 /* SetPasswordViewModel.swift */,
				6694697F2A02AFFB00081F48 /* SetPasswordView.swift */,
			);
			path = SetPasswordView;
			sourceTree = "<group>";
		};
		6694BAFF2A4C4D250095DD5F /* Home */ = {
			isa = PBXGroup;
			children = (
				66AD45212A4C3E10007B6FEF /* HomeView.swift */,
				6694BB002A4C4D350095DD5F /* HomeCoordinator.swift */,
				6694BB022A4C4D4D0095DD5F /* HomeViewModel.swift */,
			);
			path = Home;
			sourceTree = "<group>";
		};
		66A5E26A29E6D733008DBD42 = {
			isa = PBXGroup;
			children = (
				661998D12A3B256C00C5CA8A /* Playground */,
				66DE8DEB29FD30D800BC972E /* Advanced iOS.xctestplan */,
				66A5E27529E6D733008DBD42 /* GithubUsers */,
				663401092A1CE96600BC0C4D /* SignUpFlow */,
				6634011A2A1CE96800BC0C4D /* SignUpFlowTests */,
				661999122A3B331D00C5CA8A /* Modules */,
				661998CF2A3B22DD00C5CA8A /* ArchitectureApps */,
				661998B52A37638B00C5CA8A /* RxSwiftEmptyTarget */,
				66A5E27429E6D733008DBD42 /* Products */,
				66D90C1429EFC89B000053F6 /* Frameworks */,
			);
			sourceTree = "<group>";
		};
		66A5E27429E6D733008DBD42 /* Products */ = {
			isa = PBXGroup;
			children = (
				66A5E27329E6D733008DBD42 /* GithubUsers.app */,
				663401082A1CE96600BC0C4D /* SignUpFlow.app */,
				663401172A1CE96800BC0C4D /* SignUpFlowTests.xctest */,
				668A12B72A2636B30090DE15 /* GithubBrowser.app */,
				668A12C62A2636B50090DE15 /* GithubBrowserTests.xctest */,
				661998B42A37638B00C5CA8A /* RxSwiftEmptyTarget.app */,
				661998D92A3B26B200C5CA8A /* GithubBrowserMVVM.app */,
				668EEFFB2A3F7E1C0046B0DA /* GithubBrowserMVVMC.app */,
				663E3ED32A40A214006054C5 /* GithubBrowserMVVMCUIKit.app */,
				664378022A4C2F5D00322E2F /* GithubBrowserTCA.app */,
			);
			name = Products;
			sourceTree = "<group>";
		};
		66A5E27529E6D733008DBD42 /* GithubUsers */ = {
			isa = PBXGroup;
			children = (
				66A5E2AF29E6DE3E008DBD42 /* Network */,
				66A5E2A929E6DD35008DBD42 /* Data */,
				66A5E2A829E6DD1A008DBD42 /* Application */,
				66A5E2A629E6DD08008DBD42 /* Features */,
				66A5E27A29E6D735008DBD42 /* Assets.xcassets */,
				66A5E27C29E6D735008DBD42 /* Preview Content */,
			);
			path = GithubUsers;
			sourceTree = "<group>";
		};
		66A5E27C29E6D735008DBD42 /* Preview Content */ = {
			isa = PBXGroup;
			children = (
				66A5E27D29E6D735008DBD42 /* Preview Assets.xcassets */,
			);
			path = "Preview Content";
			sourceTree = "<group>";
		};
		66A5E2A629E6DD08008DBD42 /* Features */ = {
			isa = PBXGroup;
			children = (
				66A5E2BC29E6ED16008DBD42 /* DetailView */,
				66A5E2A729E6DD0C008DBD42 /* ListView */,
			);
			path = Features;
			sourceTree = "<group>";
		};
		66A5E2A729E6DD0C008DBD42 /* ListView */ = {
			isa = PBXGroup;
			children = (
				66A5E27829E6D733008DBD42 /* ListView.swift */,
				66A5E2A429E6DD05008DBD42 /* UserListViewModel.swift */,
				66A5E2AD29E6DD63008DBD42 /* UserListRepositoryMock.swift */,
			);
			path = ListView;
			sourceTree = "<group>";
		};
		66A5E2A829E6DD1A008DBD42 /* Application */ = {
			isa = PBXGroup;
			children = (
				66A5E27629E6D733008DBD42 /* GithubUsersApp.swift */,
			);
			path = Application;
			sourceTree = "<group>";
		};
		66A5E2A929E6DD35008DBD42 /* Data */ = {
			isa = PBXGroup;
			children = (
				66A5E2AA29E6DD3B008DBD42 /* User.swift */,
				66A5E2B229E6E160008DBD42 /* UserBio.swift */,
			);
			path = Data;
			sourceTree = "<group>";
		};
		66A5E2AF29E6DE3E008DBD42 /* Network */ = {
			isa = PBXGroup;
			children = (
				66A5E2B029E6DE44008DBD42 /* NetworkServiceMock.swift */,
			);
			path = Network;
			sourceTree = "<group>";
		};
		66A5E2BC29E6ED16008DBD42 /* DetailView */ = {
			isa = PBXGroup;
			children = (
				66A5E2BA29E6ED11008DBD42 /* UserDetailRepository.swift */,
				66A5E2B829E6ECF9008DBD42 /* UserDetailViewModel.swift */,
				66A5E2A029E6DCCE008DBD42 /* UserDetailView.swift */,
			);
			path = DetailView;
			sourceTree = "<group>";
		};
		66AD45102A4C2F8D007B6FEF /* GithubBrowserTCA */ = {
			isa = PBXGroup;
			children = (
				66AD452A2A4C4D02007B6FEF /* Resources */,
				66AD45112A4C2F8D007B6FEF /* GithubBrowserTCAApp.swift */,
			);
			path = GithubBrowserTCA;
			sourceTree = "<group>";
		};
		66AD45242A4C4CC7007B6FEF /* Preview Content */ = {
			isa = PBXGroup;
			children = (
				66AD45252A4C4CC7007B6FEF /* Preview Assets.xcassets */,
			);
			path = "Preview Content";
			sourceTree = "<group>";
		};
		66AD45272A4C4CE0007B6FEF /* Resources */ = {
			isa = PBXGroup;
			children = (
				66AD45242A4C4CC7007B6FEF /* Preview Content */,
				663E3EE32A40A25D006054C5 /* Assets.xcassets */,
				663E3EE42A40A25D006054C5 /* Info.plist */,
			);
			path = Resources;
			sourceTree = "<group>";
		};
		66AD45282A4C4CF1007B6FEF /* Resources */ = {
			isa = PBXGroup;
			children = (
				663E3ECA2A3F82C0006054C5 /* Info.plist */,
				663E3EBA2A3F7E49006054C5 /* Assets.xcassets */,
				663E3EBB2A3F7E49006054C5 /* Preview Content */,
			);
			path = Resources;
			sourceTree = "<group>";
		};
		66AD45292A4C4CFA007B6FEF /* Resources */ = {
			isa = PBXGroup;
			children = (
				661998DF2A3B26B500C5CA8A /* Assets.xcassets */,
				661998E12A3B26B500C5CA8A /* Preview Content */,
			);
			path = Resources;
			sourceTree = "<group>";
		};
		66AD452A2A4C4D02007B6FEF /* Resources */ = {
			isa = PBXGroup;
			children = (
				66AD45122A4C2F8D007B6FEF /* Assets.xcassets */,
			);
			path = Resources;
			sourceTree = "<group>";
		};
		66D90C1429EFC89B000053F6 /* Frameworks */ = {
			isa = PBXGroup;
			children = (
			);
			name = Frameworks;
			sourceTree = "<group>";
		};
		66E9DECB2A067E1600958BD2 /* View */ = {
			isa = PBXGroup;
			children = (
				66E9DECC2A067E2000958BD2 /* FlowLayout.swift */,
				66E9DECE2A067E4B00958BD2 /* PrimaryButtonStyle.swift */,
				66E9DED02A067E6900958BD2 /* Input.swift */,
			);
			path = View;
			sourceTree = "<group>";
		};
/* End PBXGroup section */

/* Begin PBXNativeTarget section */
		661998B32A37638B00C5CA8A /* RxSwiftEmptyTarget */ = {
			isa = PBXNativeTarget;
			buildConfigurationList = 661998BF2A37638D00C5CA8A /* Build configuration list for PBXNativeTarget "RxSwiftEmptyTarget" */;
			buildPhases = (
				661998B02A37638B00C5CA8A /* Sources */,
				661998B12A37638B00C5CA8A /* Frameworks */,
				661998B22A37638B00C5CA8A /* Resources */,
			);
			buildRules = (
			);
			dependencies = (
			);
			name = RxSwiftEmptyTarget;
			packageProductDependencies = (
				661998C22A37639700C5CA8A /* RxSwift */,
			);
			productName = RxSwiftEmptyTarger;
			productReference = 661998B42A37638B00C5CA8A /* RxSwiftEmptyTarget.app */;
			productType = "com.apple.product-type.application";
		};
		661998D82A3B26B200C5CA8A /* GithubBrowserMVVM */ = {
			isa = PBXNativeTarget;
			buildConfigurationList = 661998FA2A3B26B700C5CA8A /* Build configuration list for PBXNativeTarget "GithubBrowserMVVM" */;
			buildPhases = (
				661998D52A3B26B200C5CA8A /* Sources */,
				661998D62A3B26B200C5CA8A /* Frameworks */,
				661998D72A3B26B200C5CA8A /* Resources */,
			);
			buildRules = (
			);
			dependencies = (
			);
			name = GithubBrowserMVVM;
			packageProductDependencies = (
				661999132A3B384000C5CA8A /* UserSearchMVVM */,
				6651F2FE2A3F3B32006A197A /* UserSearchNetworking */,
			);
			productName = GithubBrowserMVVM;
			productReference = 661998D92A3B26B200C5CA8A /* GithubBrowserMVVM.app */;
			productType = "com.apple.product-type.application";
		};
		663401072A1CE96600BC0C4D /* SignUpFlow */ = {
			isa = PBXNativeTarget;
			buildConfigurationList = 663401292A1CE96800BC0C4D /* Build configuration list for PBXNativeTarget "SignUpFlow" */;
			buildPhases = (
				663401042A1CE96600BC0C4D /* Sources */,
				663401052A1CE96600BC0C4D /* Frameworks */,
				663401062A1CE96600BC0C4D /* Resources */,
			);
			buildRules = (
			);
			dependencies = (
			);
			name = SignUpFlow;
			productName = SignUpFlow;
			productReference = 663401082A1CE96600BC0C4D /* SignUpFlow.app */;
			productType = "com.apple.product-type.application";
		};
		663401162A1CE96800BC0C4D /* SignUpFlowTests */ = {
			isa = PBXNativeTarget;
			buildConfigurationList = 6634012C2A1CE96800BC0C4D /* Build configuration list for PBXNativeTarget "SignUpFlowTests" */;
			buildPhases = (
				663401132A1CE96800BC0C4D /* Sources */,
				663401142A1CE96800BC0C4D /* Frameworks */,
				663401152A1CE96800BC0C4D /* Resources */,
			);
			buildRules = (
			);
			dependencies = (
				663401192A1CE96800BC0C4D /* PBXTargetDependency */,
			);
			name = SignUpFlowTests;
			productName = SignUpFlowTests;
			productReference = 663401172A1CE96800BC0C4D /* SignUpFlowTests.xctest */;
			productType = "com.apple.product-type.bundle.unit-test";
		};
		663E3ED22A40A214006054C5 /* GithubBrowserMVVMCUIKit */ = {
			isa = PBXNativeTarget;
			buildConfigurationList = 663E3EDE2A40A216006054C5 /* Build configuration list for PBXNativeTarget "GithubBrowserMVVMCUIKit" */;
			buildPhases = (
				663E3ECF2A40A214006054C5 /* Sources */,
				663E3ED02A40A214006054C5 /* Frameworks */,
				663E3ED12A40A214006054C5 /* Resources */,
			);
			buildRules = (
			);
			dependencies = (
			);
			name = GithubBrowserMVVMCUIKit;
			packageProductDependencies = (
				663E3EEE2A40A269006054C5 /* UserSearchNetworking */,
				663E3EF02A40A26D006054C5 /* UserSearchMVVMCUIKit */,
			);
			productName = GithubBrowserMVVMCUIKit;
			productReference = 663E3ED32A40A214006054C5 /* GithubBrowserMVVMCUIKit.app */;
			productType = "com.apple.product-type.application";
		};
		664378012A4C2F5D00322E2F /* GithubBrowserTCA */ = {
			isa = PBXNativeTarget;
			buildConfigurationList = 6643780F2A4C2F5E00322E2F /* Build configuration list for PBXNativeTarget "GithubBrowserTCA" */;
			buildPhases = (
				664377FE2A4C2F5D00322E2F /* Sources */,
				664377FF2A4C2F5D00322E2F /* Frameworks */,
				664378002A4C2F5D00322E2F /* Resources */,
			);
			buildRules = (
			);
			dependencies = (
			);
			name = GithubBrowserTCA;
			packageProductDependencies = (
				66AD451A2A4C371E007B6FEF /* UserSearchTCA */,
				66AD451C2A4C3724007B6FEF /* UserSearchNetworking */,
				66AD451F2A4C37A1007B6FEF /* ComposableArchitecture */,
			);
			productName = GithubBrowserTCA;
			productReference = 664378022A4C2F5D00322E2F /* GithubBrowserTCA.app */;
			productType = "com.apple.product-type.application";
		};
		668A12B62A2636B30090DE15 /* GithubBrowser */ = {
			isa = PBXNativeTarget;
			buildConfigurationList = 668A12D82A2636B50090DE15 /* Build configuration list for PBXNativeTarget "GithubBrowser" */;
			buildPhases = (
				668A12B32A2636B30090DE15 /* Sources */,
				668A12B42A2636B30090DE15 /* Frameworks */,
				668A12B52A2636B30090DE15 /* Resources */,
			);
			buildRules = (
			);
			dependencies = (
			);
			name = GithubBrowser;
			productName = GithubBrowser;
			productReference = 668A12B72A2636B30090DE15 /* GithubBrowser.app */;
			productType = "com.apple.product-type.application";
		};
		668A12C52A2636B50090DE15 /* GithubBrowserTests */ = {
			isa = PBXNativeTarget;
			buildConfigurationList = 668A12DB2A2636B50090DE15 /* Build configuration list for PBXNativeTarget "GithubBrowserTests" */;
			buildPhases = (
				668A12C22A2636B50090DE15 /* Sources */,
				668A12C32A2636B50090DE15 /* Frameworks */,
				668A12C42A2636B50090DE15 /* Resources */,
			);
			buildRules = (
			);
			dependencies = (
				668A12C82A2636B50090DE15 /* PBXTargetDependency */,
			);
			name = GithubBrowserTests;
			productName = GithubBrowserTests;
			productReference = 668A12C62A2636B50090DE15 /* GithubBrowserTests.xctest */;
			productType = "com.apple.product-type.bundle.unit-test";
		};
		668EEFFA2A3F7E1C0046B0DA /* GithubBrowserMVVMC */ = {
			isa = PBXNativeTarget;
			buildConfigurationList = 668EF0082A3F7E1E0046B0DA /* Build configuration list for PBXNativeTarget "GithubBrowserMVVMC" */;
			buildPhases = (
				668EEFF72A3F7E1C0046B0DA /* Sources */,
				668EEFF82A3F7E1C0046B0DA /* Frameworks */,
				668EEFF92A3F7E1C0046B0DA /* Resources */,
			);
			buildRules = (
			);
			dependencies = (
			);
			name = GithubBrowserMVVMC;
			packageProductDependencies = (
				663E3EC62A3F7FE3006054C5 /* UserSearchMVVMC */,
				663E3EC82A3F7FEB006054C5 /* UserSearchNetworking */,
			);
			productName = GithubBrowserMVVMC;
			productReference = 668EEFFB2A3F7E1C0046B0DA /* GithubBrowserMVVMC.app */;
			productType = "com.apple.product-type.application";
		};
		66A5E27229E6D733008DBD42 /* GithubUsers */ = {
			isa = PBXNativeTarget;
			buildConfigurationList = 66A5E29729E6D735008DBD42 /* Build configuration list for PBXNativeTarget "GithubUsers" */;
			buildPhases = (
				66A5E26F29E6D733008DBD42 /* Sources */,
				66A5E27029E6D733008DBD42 /* Frameworks */,
				66A5E27129E6D733008DBD42 /* Resources */,
			);
			buildRules = (
			);
			dependencies = (
			);
			name = GithubUsers;
			packageProductDependencies = (
				663401392A1CED5A00BC0C4D /* Swinject */,
			);
			productName = GithubUsers;
			productReference = 66A5E27329E6D733008DBD42 /* GithubUsers.app */;
			productType = "com.apple.product-type.application";
		};
/* End PBXNativeTarget section */

/* Begin PBXProject section */
		66A5E26B29E6D733008DBD42 /* Project object */ = {
			isa = PBXProject;
			attributes = {
				BuildIndependentTargetsInParallel = 1;
				LastSwiftUpdateCheck = 1430;
				LastUpgradeCheck = 1430;
				TargetAttributes = {
					661998B32A37638B00C5CA8A = {
						CreatedOnToolsVersion = 14.3.1;
					};
					661998D82A3B26B200C5CA8A = {
						CreatedOnToolsVersion = 14.3.1;
					};
					663401072A1CE96600BC0C4D = {
						CreatedOnToolsVersion = 14.3;
					};
					663401162A1CE96800BC0C4D = {
						CreatedOnToolsVersion = 14.3;
						TestTargetID = 663401072A1CE96600BC0C4D;
					};
					663E3ED22A40A214006054C5 = {
						CreatedOnToolsVersion = 14.3.1;
						LastSwiftMigration = 1430;
					};
					664378012A4C2F5D00322E2F = {
						CreatedOnToolsVersion = 14.3.1;
					};
					668A12B62A2636B30090DE15 = {
						CreatedOnToolsVersion = 14.3;
					};
					668A12C52A2636B50090DE15 = {
						CreatedOnToolsVersion = 14.3;
						TestTargetID = 668A12B62A2636B30090DE15;
					};
					668EEFFA2A3F7E1C0046B0DA = {
						CreatedOnToolsVersion = 14.3.1;
						LastSwiftMigration = 1430;
					};
					66A5E27229E6D733008DBD42 = {
						CreatedOnToolsVersion = 14.3;
					};
				};
			};
			buildConfigurationList = 66A5E26E29E6D733008DBD42 /* Build configuration list for PBXProject "Advanced iOS" */;
			compatibilityVersion = "Xcode 14.0";
			developmentRegion = en;
			hasScannedForEncodings = 0;
			knownRegions = (
				en,
				Base,
			);
			mainGroup = 66A5E26A29E6D733008DBD42;
			packageReferences = (
				663401382A1CED5A00BC0C4D /* XCRemoteSwiftPackageReference "Swinject" */,
				661998AA2A37623400C5CA8A /* XCRemoteSwiftPackageReference "RxSwift" */,
				66AD451E2A4C37A1007B6FEF /* XCRemoteSwiftPackageReference "swift-composable-architecture" */,
			);
			productRefGroup = 66A5E27429E6D733008DBD42 /* Products */;
			projectDirPath = "";
			projectRoot = "";
			targets = (
				66A5E27229E6D733008DBD42 /* GithubUsers */,
				663401072A1CE96600BC0C4D /* SignUpFlow */,
				663401162A1CE96800BC0C4D /* SignUpFlowTests */,
				668A12B62A2636B30090DE15 /* GithubBrowser */,
				668A12C52A2636B50090DE15 /* GithubBrowserTests */,
				661998B32A37638B00C5CA8A /* RxSwiftEmptyTarget */,
				661998D82A3B26B200C5CA8A /* GithubBrowserMVVM */,
				668EEFFA2A3F7E1C0046B0DA /* GithubBrowserMVVMC */,
				663E3ED22A40A214006054C5 /* GithubBrowserMVVMCUIKit */,
				664378012A4C2F5D00322E2F /* GithubBrowserTCA */,
			);
		};
/* End PBXProject section */

/* Begin PBXResourcesBuildPhase section */
		661998B22A37638B00C5CA8A /* Resources */ = {
			isa = PBXResourcesBuildPhase;
			buildActionMask = 2147483647;
			files = (
				661998BE2A37638D00C5CA8A /* Preview Assets.xcassets in Resources */,
				661998BB2A37638D00C5CA8A /* Assets.xcassets in Resources */,
			);
			runOnlyForDeploymentPostprocessing = 0;
		};
		661998D72A3B26B200C5CA8A /* Resources */ = {
			isa = PBXResourcesBuildPhase;
			buildActionMask = 2147483647;
			files = (
				661998E32A3B26B500C5CA8A /* Preview Assets.xcassets in Resources */,
				661998E02A3B26B500C5CA8A /* Assets.xcassets in Resources */,
			);
			runOnlyForDeploymentPostprocessing = 0;
		};
		663401062A1CE96600BC0C4D /* Resources */ = {
			isa = PBXResourcesBuildPhase;
			buildActionMask = 2147483647;
			files = (
				663401122A1CE96800BC0C4D /* Preview Assets.xcassets in Resources */,
				6634010F2A1CE96800BC0C4D /* Assets.xcassets in Resources */,
			);
			runOnlyForDeploymentPostprocessing = 0;
		};
		663401152A1CE96800BC0C4D /* Resources */ = {
			isa = PBXResourcesBuildPhase;
			buildActionMask = 2147483647;
			files = (
			);
			runOnlyForDeploymentPostprocessing = 0;
		};
		663E3ED12A40A214006054C5 /* Resources */ = {
			isa = PBXResourcesBuildPhase;
			buildActionMask = 2147483647;
			files = (
				663E3EE92A40A25E006054C5 /* Assets.xcassets in Resources */,
			);
			runOnlyForDeploymentPostprocessing = 0;
		};
		664378002A4C2F5D00322E2F /* Resources */ = {
			isa = PBXResourcesBuildPhase;
			buildActionMask = 2147483647;
			files = (
				66AD45262A4C4CC7007B6FEF /* Preview Assets.xcassets in Resources */,
				66AD45172A4C2F8D007B6FEF /* Assets.xcassets in Resources */,
			);
			runOnlyForDeploymentPostprocessing = 0;
		};
		668A12B52A2636B30090DE15 /* Resources */ = {
			isa = PBXResourcesBuildPhase;
			buildActionMask = 2147483647;
			files = (
			);
			runOnlyForDeploymentPostprocessing = 0;
		};
		668A12C42A2636B50090DE15 /* Resources */ = {
			isa = PBXResourcesBuildPhase;
			buildActionMask = 2147483647;
			files = (
			);
			runOnlyForDeploymentPostprocessing = 0;
		};
		668EEFF92A3F7E1C0046B0DA /* Resources */ = {
			isa = PBXResourcesBuildPhase;
			buildActionMask = 2147483647;
			files = (
				663E3EC02A3F7E49006054C5 /* Preview Assets.xcassets in Resources */,
				663E3EBF2A3F7E49006054C5 /* Assets.xcassets in Resources */,
			);
			runOnlyForDeploymentPostprocessing = 0;
		};
		66A5E27129E6D733008DBD42 /* Resources */ = {
			isa = PBXResourcesBuildPhase;
			buildActionMask = 2147483647;
			files = (
				66A5E27E29E6D735008DBD42 /* Preview Assets.xcassets in Resources */,
				66A5E27B29E6D735008DBD42 /* Assets.xcassets in Resources */,
			);
			runOnlyForDeploymentPostprocessing = 0;
		};
/* End PBXResourcesBuildPhase section */

/* Begin PBXSourcesBuildPhase section */
		661998B02A37638B00C5CA8A /* Sources */ = {
			isa = PBXSourcesBuildPhase;
			buildActionMask = 2147483647;
			files = (
				661998B92A37638B00C5CA8A /* ContentView.swift in Sources */,
				661998B72A37638B00C5CA8A /* RxSwiftEmptyTargerApp.swift in Sources */,
			);
			runOnlyForDeploymentPostprocessing = 0;
		};
		661998D52A3B26B200C5CA8A /* Sources */ = {
			isa = PBXSourcesBuildPhase;
			buildActionMask = 2147483647;
			files = (
				661998DC2A3B26B300C5CA8A /* GithubBrowserMVVMApp.swift in Sources */,
			);
			runOnlyForDeploymentPostprocessing = 0;
		};
		663401042A1CE96600BC0C4D /* Sources */ = {
			isa = PBXSourcesBuildPhase;
			buildActionMask = 2147483647;
			files = (
				663401352A1CE9B400BC0C4D /* SetPasswordViewModel.swift in Sources */,
				663401372A1CE9B400BC0C4D /* FlowLayout.swift in Sources */,
				663401362A1CE9B400BC0C4D /* PrimaryButtonStyle.swift in Sources */,
				663401342A1CE9B400BC0C4D /* Input.swift in Sources */,
				663401332A1CE9AC00BC0C4D /* SetPasswordView.swift in Sources */,
				6634010B2A1CE96600BC0C4D /* SignUpFlowApp.swift in Sources */,
			);
			runOnlyForDeploymentPostprocessing = 0;
		};
		663401132A1CE96800BC0C4D /* Sources */ = {
			isa = PBXSourcesBuildPhase;
			buildActionMask = 2147483647;
			files = (
				6634011C2A1CE96800BC0C4D /* SignUpFlowTests.swift in Sources */,
			);
			runOnlyForDeploymentPostprocessing = 0;
		};
		663E3ECF2A40A214006054C5 /* Sources */ = {
			isa = PBXSourcesBuildPhase;
			buildActionMask = 2147483647;
			files = (
				663E3EEC2A40A25E006054C5 /* AppDelegate.swift in Sources */,
				6694BB032A4C4D4D0095DD5F /* HomeViewModel.swift in Sources */,
				663E3EEB2A40A25E006054C5 /* AppCoordinator.swift in Sources */,
				6694BB012A4C4D350095DD5F /* HomeCoordinator.swift in Sources */,
				66AD45232A4C3E15007B6FEF /* HomeView.swift in Sources */,
				663E3EED2A40A25E006054C5 /* SceneDelegate.swift in Sources */,
			);
			runOnlyForDeploymentPostprocessing = 0;
		};
		664377FE2A4C2F5D00322E2F /* Sources */ = {
			isa = PBXSourcesBuildPhase;
			buildActionMask = 2147483647;
			files = (
				66AD45162A4C2F8D007B6FEF /* GithubBrowserTCAApp.swift in Sources */,
			);
			runOnlyForDeploymentPostprocessing = 0;
		};
		668A12B32A2636B30090DE15 /* Sources */ = {
			isa = PBXSourcesBuildPhase;
			buildActionMask = 2147483647;
			files = (
			);
			runOnlyForDeploymentPostprocessing = 0;
		};
		668A12C22A2636B50090DE15 /* Sources */ = {
			isa = PBXSourcesBuildPhase;
			buildActionMask = 2147483647;
			files = (
			);
			runOnlyForDeploymentPostprocessing = 0;
		};
		668EEFF72A3F7E1C0046B0DA /* Sources */ = {
			isa = PBXSourcesBuildPhase;
			buildActionMask = 2147483647;
			files = (
				663E3ECE2A404031006054C5 /* AppCoordinator.swift in Sources */,
				663E3EC32A3F7EDE006054C5 /* AppDelegate.swift in Sources */,
				663E3EC52A3F7F02006054C5 /* SceneDelegate.swift in Sources */,
			);
			runOnlyForDeploymentPostprocessing = 0;
		};
		66A5E26F29E6D733008DBD42 /* Sources */ = {
			isa = PBXSourcesBuildPhase;
			buildActionMask = 2147483647;
			files = (
				66A5E2B929E6ECF9008DBD42 /* UserDetailViewModel.swift in Sources */,
				66A5E27929E6D733008DBD42 /* ListView.swift in Sources */,
				66A5E2B329E6E160008DBD42 /* UserBio.swift in Sources */,
				66A5E2A529E6DD05008DBD42 /* UserListViewModel.swift in Sources */,
				66A5E2AE29E6DD63008DBD42 /* UserListRepositoryMock.swift in Sources */,
				66A5E2A129E6DCCE008DBD42 /* UserDetailView.swift in Sources */,
				66A5E2AB29E6DD3B008DBD42 /* User.swift in Sources */,
				66A5E2BB29E6ED11008DBD42 /* UserDetailRepository.swift in Sources */,
				66A5E2B129E6DE44008DBD42 /* NetworkServiceMock.swift in Sources */,
				66A5E27729E6D733008DBD42 /* GithubUsersApp.swift in Sources */,
			);
			runOnlyForDeploymentPostprocessing = 0;
		};
/* End PBXSourcesBuildPhase section */

/* Begin PBXTargetDependency section */
		663401192A1CE96800BC0C4D /* PBXTargetDependency */ = {
			isa = PBXTargetDependency;
			target = 663401072A1CE96600BC0C4D /* SignUpFlow */;
			targetProxy = 663401182A1CE96800BC0C4D /* PBXContainerItemProxy */;
		};
		668A12C82A2636B50090DE15 /* PBXTargetDependency */ = {
			isa = PBXTargetDependency;
			target = 668A12B62A2636B30090DE15 /* GithubBrowser */;
			targetProxy = 668A12C72A2636B50090DE15 /* PBXContainerItemProxy */;
		};
/* End PBXTargetDependency section */

/* Begin XCBuildConfiguration section */
		661998C02A37638D00C5CA8A /* Debug */ = {
			isa = XCBuildConfiguration;
			buildSettings = {
				ASSETCATALOG_COMPILER_APPICON_NAME = AppIcon;
				ASSETCATALOG_COMPILER_GLOBAL_ACCENT_COLOR_NAME = AccentColor;
				CODE_SIGN_STYLE = Automatic;
				CURRENT_PROJECT_VERSION = 1;
				DEVELOPMENT_ASSET_PATHS = "\"RxSwiftEmptyTarget/Preview Content\"";
				DEVELOPMENT_TEAM = B57H46XPVY;
				ENABLE_PREVIEWS = YES;
				GENERATE_INFOPLIST_FILE = YES;
				INFOPLIST_KEY_UIApplicationSceneManifest_Generation = YES;
				INFOPLIST_KEY_UIApplicationSupportsIndirectInputEvents = YES;
				INFOPLIST_KEY_UILaunchScreen_Generation = YES;
				INFOPLIST_KEY_UISupportedInterfaceOrientations_iPad = "UIInterfaceOrientationPortrait UIInterfaceOrientationPortraitUpsideDown UIInterfaceOrientationLandscapeLeft UIInterfaceOrientationLandscapeRight";
				INFOPLIST_KEY_UISupportedInterfaceOrientations_iPhone = "UIInterfaceOrientationPortrait UIInterfaceOrientationLandscapeLeft UIInterfaceOrientationLandscapeRight";
				LD_RUNPATH_SEARCH_PATHS = (
					"$(inherited)",
					"@executable_path/Frameworks",
				);
				MARKETING_VERSION = 1.0;
				PRODUCT_BUNDLE_IDENTIFIER = dolenko.com.RxSwiftEmptyTarget;
				PRODUCT_NAME = "$(TARGET_NAME)";
				SWIFT_EMIT_LOC_STRINGS = YES;
				SWIFT_VERSION = 5.0;
				TARGETED_DEVICE_FAMILY = "1,2";
			};
			name = Debug;
		};
		661998C12A37638D00C5CA8A /* Release */ = {
			isa = XCBuildConfiguration;
			buildSettings = {
				ASSETCATALOG_COMPILER_APPICON_NAME = AppIcon;
				ASSETCATALOG_COMPILER_GLOBAL_ACCENT_COLOR_NAME = AccentColor;
				CODE_SIGN_STYLE = Automatic;
				CURRENT_PROJECT_VERSION = 1;
				DEVELOPMENT_ASSET_PATHS = "\"RxSwiftEmptyTarget/Preview Content\"";
				DEVELOPMENT_TEAM = B57H46XPVY;
				ENABLE_PREVIEWS = YES;
				GENERATE_INFOPLIST_FILE = YES;
				INFOPLIST_KEY_UIApplicationSceneManifest_Generation = YES;
				INFOPLIST_KEY_UIApplicationSupportsIndirectInputEvents = YES;
				INFOPLIST_KEY_UILaunchScreen_Generation = YES;
				INFOPLIST_KEY_UISupportedInterfaceOrientations_iPad = "UIInterfaceOrientationPortrait UIInterfaceOrientationPortraitUpsideDown UIInterfaceOrientationLandscapeLeft UIInterfaceOrientationLandscapeRight";
				INFOPLIST_KEY_UISupportedInterfaceOrientations_iPhone = "UIInterfaceOrientationPortrait UIInterfaceOrientationLandscapeLeft UIInterfaceOrientationLandscapeRight";
				LD_RUNPATH_SEARCH_PATHS = (
					"$(inherited)",
					"@executable_path/Frameworks",
				);
				MARKETING_VERSION = 1.0;
				PRODUCT_BUNDLE_IDENTIFIER = dolenko.com.RxSwiftEmptyTarget;
				PRODUCT_NAME = "$(TARGET_NAME)";
				SWIFT_EMIT_LOC_STRINGS = YES;
				SWIFT_VERSION = 5.0;
				TARGETED_DEVICE_FAMILY = "1,2";
			};
			name = Release;
		};
		661998FB2A3B26B700C5CA8A /* Debug */ = {
			isa = XCBuildConfiguration;
			buildSettings = {
				ASSETCATALOG_COMPILER_APPICON_NAME = AppIcon;
				ASSETCATALOG_COMPILER_GLOBAL_ACCENT_COLOR_NAME = AccentColor;
				CODE_SIGN_STYLE = Automatic;
				CURRENT_PROJECT_VERSION = 1;
				DEVELOPMENT_ASSET_PATHS = "\"ArchitectureApps/GithubBrowserMVVM/Preview Content\"";
				DEVELOPMENT_TEAM = B57H46XPVY;
				ENABLE_PREVIEWS = YES;
				GENERATE_INFOPLIST_FILE = YES;
				INFOPLIST_KEY_UIApplicationSceneManifest_Generation = YES;
				INFOPLIST_KEY_UIApplicationSupportsIndirectInputEvents = YES;
				INFOPLIST_KEY_UILaunchScreen_Generation = YES;
				INFOPLIST_KEY_UISupportedInterfaceOrientations_iPad = "UIInterfaceOrientationPortrait UIInterfaceOrientationPortraitUpsideDown UIInterfaceOrientationLandscapeLeft UIInterfaceOrientationLandscapeRight";
				INFOPLIST_KEY_UISupportedInterfaceOrientations_iPhone = "UIInterfaceOrientationPortrait UIInterfaceOrientationLandscapeLeft UIInterfaceOrientationLandscapeRight";
				LD_RUNPATH_SEARCH_PATHS = (
					"$(inherited)",
					"@executable_path/Frameworks",
				);
				MARKETING_VERSION = 1.0;
				PRODUCT_BUNDLE_IDENTIFIER = dolenko.com.GithubBrowserMVVM;
				PRODUCT_NAME = "$(TARGET_NAME)";
				SWIFT_EMIT_LOC_STRINGS = YES;
				SWIFT_VERSION = 5.0;
				TARGETED_DEVICE_FAMILY = "1,2";
			};
			name = Debug;
		};
		661998FC2A3B26B700C5CA8A /* Release */ = {
			isa = XCBuildConfiguration;
			buildSettings = {
				ASSETCATALOG_COMPILER_APPICON_NAME = AppIcon;
				ASSETCATALOG_COMPILER_GLOBAL_ACCENT_COLOR_NAME = AccentColor;
				CODE_SIGN_STYLE = Automatic;
				CURRENT_PROJECT_VERSION = 1;
				DEVELOPMENT_ASSET_PATHS = "\"ArchitectureApps/GithubBrowserMVVM/Preview Content\"";
				DEVELOPMENT_TEAM = B57H46XPVY;
				ENABLE_PREVIEWS = YES;
				GENERATE_INFOPLIST_FILE = YES;
				INFOPLIST_KEY_UIApplicationSceneManifest_Generation = YES;
				INFOPLIST_KEY_UIApplicationSupportsIndirectInputEvents = YES;
				INFOPLIST_KEY_UILaunchScreen_Generation = YES;
				INFOPLIST_KEY_UISupportedInterfaceOrientations_iPad = "UIInterfaceOrientationPortrait UIInterfaceOrientationPortraitUpsideDown UIInterfaceOrientationLandscapeLeft UIInterfaceOrientationLandscapeRight";
				INFOPLIST_KEY_UISupportedInterfaceOrientations_iPhone = "UIInterfaceOrientationPortrait UIInterfaceOrientationLandscapeLeft UIInterfaceOrientationLandscapeRight";
				LD_RUNPATH_SEARCH_PATHS = (
					"$(inherited)",
					"@executable_path/Frameworks",
				);
				MARKETING_VERSION = 1.0;
				PRODUCT_BUNDLE_IDENTIFIER = dolenko.com.GithubBrowserMVVM;
				PRODUCT_NAME = "$(TARGET_NAME)";
				SWIFT_EMIT_LOC_STRINGS = YES;
				SWIFT_VERSION = 5.0;
				TARGETED_DEVICE_FAMILY = "1,2";
			};
			name = Release;
		};
		6634012A2A1CE96800BC0C4D /* Debug */ = {
			isa = XCBuildConfiguration;
			buildSettings = {
				ASSETCATALOG_COMPILER_APPICON_NAME = AppIcon;
				ASSETCATALOG_COMPILER_GLOBAL_ACCENT_COLOR_NAME = AccentColor;
				CODE_SIGN_STYLE = Automatic;
				CURRENT_PROJECT_VERSION = 1;
				DEVELOPMENT_ASSET_PATHS = "\"SignUpFlow/Preview Content\"";
				DEVELOPMENT_TEAM = B57H46XPVY;
				ENABLE_PREVIEWS = YES;
				GENERATE_INFOPLIST_FILE = YES;
				INFOPLIST_KEY_UIApplicationSceneManifest_Generation = YES;
				INFOPLIST_KEY_UIApplicationSupportsIndirectInputEvents = YES;
				INFOPLIST_KEY_UILaunchScreen_Generation = YES;
				INFOPLIST_KEY_UISupportedInterfaceOrientations_iPad = "UIInterfaceOrientationPortrait UIInterfaceOrientationPortraitUpsideDown UIInterfaceOrientationLandscapeLeft UIInterfaceOrientationLandscapeRight";
				INFOPLIST_KEY_UISupportedInterfaceOrientations_iPhone = "UIInterfaceOrientationPortrait UIInterfaceOrientationLandscapeLeft UIInterfaceOrientationLandscapeRight";
				LD_RUNPATH_SEARCH_PATHS = (
					"$(inherited)",
					"@executable_path/Frameworks",
				);
				MARKETING_VERSION = 1.0;
				PRODUCT_BUNDLE_IDENTIFIER = dolenko.com.SignUpFlow;
				PRODUCT_NAME = "$(TARGET_NAME)";
				SWIFT_EMIT_LOC_STRINGS = YES;
				SWIFT_VERSION = 5.0;
				TARGETED_DEVICE_FAMILY = "1,2";
			};
			name = Debug;
		};
		6634012B2A1CE96800BC0C4D /* Release */ = {
			isa = XCBuildConfiguration;
			buildSettings = {
				ASSETCATALOG_COMPILER_APPICON_NAME = AppIcon;
				ASSETCATALOG_COMPILER_GLOBAL_ACCENT_COLOR_NAME = AccentColor;
				CODE_SIGN_STYLE = Automatic;
				CURRENT_PROJECT_VERSION = 1;
				DEVELOPMENT_ASSET_PATHS = "\"SignUpFlow/Preview Content\"";
				DEVELOPMENT_TEAM = B57H46XPVY;
				ENABLE_PREVIEWS = YES;
				GENERATE_INFOPLIST_FILE = YES;
				INFOPLIST_KEY_UIApplicationSceneManifest_Generation = YES;
				INFOPLIST_KEY_UIApplicationSupportsIndirectInputEvents = YES;
				INFOPLIST_KEY_UILaunchScreen_Generation = YES;
				INFOPLIST_KEY_UISupportedInterfaceOrientations_iPad = "UIInterfaceOrientationPortrait UIInterfaceOrientationPortraitUpsideDown UIInterfaceOrientationLandscapeLeft UIInterfaceOrientationLandscapeRight";
				INFOPLIST_KEY_UISupportedInterfaceOrientations_iPhone = "UIInterfaceOrientationPortrait UIInterfaceOrientationLandscapeLeft UIInterfaceOrientationLandscapeRight";
				LD_RUNPATH_SEARCH_PATHS = (
					"$(inherited)",
					"@executable_path/Frameworks",
				);
				MARKETING_VERSION = 1.0;
				PRODUCT_BUNDLE_IDENTIFIER = dolenko.com.SignUpFlow;
				PRODUCT_NAME = "$(TARGET_NAME)";
				SWIFT_EMIT_LOC_STRINGS = YES;
				SWIFT_VERSION = 5.0;
				TARGETED_DEVICE_FAMILY = "1,2";
			};
			name = Release;
		};
		6634012D2A1CE96800BC0C4D /* Debug */ = {
			isa = XCBuildConfiguration;
			buildSettings = {
				ALWAYS_EMBED_SWIFT_STANDARD_LIBRARIES = YES;
				BUNDLE_LOADER = "$(TEST_HOST)";
				CODE_SIGN_STYLE = Automatic;
				CURRENT_PROJECT_VERSION = 1;
				DEVELOPMENT_TEAM = B57H46XPVY;
				GENERATE_INFOPLIST_FILE = YES;
				IPHONEOS_DEPLOYMENT_TARGET = 16.4;
				MARKETING_VERSION = 1.0;
				PRODUCT_BUNDLE_IDENTIFIER = dolenko.com.SignUpFlowTests;
				PRODUCT_NAME = "$(TARGET_NAME)";
				SWIFT_EMIT_LOC_STRINGS = NO;
				SWIFT_VERSION = 5.0;
				TARGETED_DEVICE_FAMILY = "1,2";
				TEST_HOST = "$(BUILT_PRODUCTS_DIR)/SignUpFlow.app/$(BUNDLE_EXECUTABLE_FOLDER_PATH)/SignUpFlow";
			};
			name = Debug;
		};
		6634012E2A1CE96800BC0C4D /* Release */ = {
			isa = XCBuildConfiguration;
			buildSettings = {
				ALWAYS_EMBED_SWIFT_STANDARD_LIBRARIES = YES;
				BUNDLE_LOADER = "$(TEST_HOST)";
				CODE_SIGN_STYLE = Automatic;
				CURRENT_PROJECT_VERSION = 1;
				DEVELOPMENT_TEAM = B57H46XPVY;
				GENERATE_INFOPLIST_FILE = YES;
				IPHONEOS_DEPLOYMENT_TARGET = 16.4;
				MARKETING_VERSION = 1.0;
				PRODUCT_BUNDLE_IDENTIFIER = dolenko.com.SignUpFlowTests;
				PRODUCT_NAME = "$(TARGET_NAME)";
				SWIFT_EMIT_LOC_STRINGS = NO;
				SWIFT_VERSION = 5.0;
				TARGETED_DEVICE_FAMILY = "1,2";
				TEST_HOST = "$(BUILT_PRODUCTS_DIR)/SignUpFlow.app/$(BUNDLE_EXECUTABLE_FOLDER_PATH)/SignUpFlow";
			};
			name = Release;
		};
		663E3EDF2A40A216006054C5 /* Debug */ = {
			isa = XCBuildConfiguration;
			buildSettings = {
				ASSETCATALOG_COMPILER_APPICON_NAME = AppIcon;
				ASSETCATALOG_COMPILER_GLOBAL_ACCENT_COLOR_NAME = AccentColor;
				CLANG_ENABLE_MODULES = YES;
				CODE_SIGN_STYLE = Automatic;
				CURRENT_PROJECT_VERSION = 1;
				DEVELOPMENT_ASSET_PATHS = "\"ArchitectureApps/GithubBrowserMVVMCUIKit/Preview Content\"";
				DEVELOPMENT_TEAM = B57H46XPVY;
				ENABLE_PREVIEWS = YES;
				GENERATE_INFOPLIST_FILE = YES;
				INFOPLIST_FILE = ArchitectureApps/GithubBrowserMVVMCUIKit/Info.plist;
				INFOPLIST_KEY_UIApplicationSceneManifest_Generation = NO;
				INFOPLIST_KEY_UIApplicationSupportsIndirectInputEvents = YES;
				INFOPLIST_KEY_UILaunchScreen_Generation = YES;
				INFOPLIST_KEY_UISupportedInterfaceOrientations_iPad = "UIInterfaceOrientationPortrait UIInterfaceOrientationPortraitUpsideDown UIInterfaceOrientationLandscapeLeft UIInterfaceOrientationLandscapeRight";
				INFOPLIST_KEY_UISupportedInterfaceOrientations_iPhone = "UIInterfaceOrientationPortrait UIInterfaceOrientationLandscapeLeft UIInterfaceOrientationLandscapeRight";
				LD_RUNPATH_SEARCH_PATHS = (
					"$(inherited)",
					"@executable_path/Frameworks",
				);
				MARKETING_VERSION = 1.0;
				PRODUCT_BUNDLE_IDENTIFIER = dolenko.com.GithubBrowserMVVMCUIKit;
				PRODUCT_NAME = "$(TARGET_NAME)";
				SWIFT_EMIT_LOC_STRINGS = YES;
				SWIFT_OPTIMIZATION_LEVEL = "-Onone";
				SWIFT_VERSION = 5.0;
				TARGETED_DEVICE_FAMILY = "1,2";
			};
			name = Debug;
		};
		663E3EE02A40A216006054C5 /* Release */ = {
			isa = XCBuildConfiguration;
			buildSettings = {
				ASSETCATALOG_COMPILER_APPICON_NAME = AppIcon;
				ASSETCATALOG_COMPILER_GLOBAL_ACCENT_COLOR_NAME = AccentColor;
				CLANG_ENABLE_MODULES = YES;
				CODE_SIGN_STYLE = Automatic;
				CURRENT_PROJECT_VERSION = 1;
				DEVELOPMENT_ASSET_PATHS = "\"ArchitectureApps/GithubBrowserMVVMCUIKit/Preview Content\"";
				DEVELOPMENT_TEAM = B57H46XPVY;
				ENABLE_PREVIEWS = YES;
				GENERATE_INFOPLIST_FILE = YES;
				INFOPLIST_FILE = ArchitectureApps/GithubBrowserMVVMCUIKit/Info.plist;
				INFOPLIST_KEY_UIApplicationSceneManifest_Generation = NO;
				INFOPLIST_KEY_UIApplicationSupportsIndirectInputEvents = YES;
				INFOPLIST_KEY_UILaunchScreen_Generation = YES;
				INFOPLIST_KEY_UISupportedInterfaceOrientations_iPad = "UIInterfaceOrientationPortrait UIInterfaceOrientationPortraitUpsideDown UIInterfaceOrientationLandscapeLeft UIInterfaceOrientationLandscapeRight";
				INFOPLIST_KEY_UISupportedInterfaceOrientations_iPhone = "UIInterfaceOrientationPortrait UIInterfaceOrientationLandscapeLeft UIInterfaceOrientationLandscapeRight";
				LD_RUNPATH_SEARCH_PATHS = (
					"$(inherited)",
					"@executable_path/Frameworks",
				);
				MARKETING_VERSION = 1.0;
				PRODUCT_BUNDLE_IDENTIFIER = dolenko.com.GithubBrowserMVVMCUIKit;
				PRODUCT_NAME = "$(TARGET_NAME)";
				SWIFT_EMIT_LOC_STRINGS = YES;
				SWIFT_VERSION = 5.0;
				TARGETED_DEVICE_FAMILY = "1,2";
			};
			name = Release;
		};
		6643780D2A4C2F5E00322E2F /* Debug */ = {
			isa = XCBuildConfiguration;
			buildSettings = {
				ASSETCATALOG_COMPILER_APPICON_NAME = AppIcon;
				ASSETCATALOG_COMPILER_GLOBAL_ACCENT_COLOR_NAME = AccentColor;
				CODE_SIGN_STYLE = Automatic;
				CURRENT_PROJECT_VERSION = 1;
				DEVELOPMENT_ASSET_PATHS = "\"ArchitectureApps/GithubBrowserTCA/Preview Content\"";
				DEVELOPMENT_TEAM = B57H46XPVY;
				ENABLE_PREVIEWS = YES;
				GENERATE_INFOPLIST_FILE = YES;
				INFOPLIST_KEY_UIApplicationSceneManifest_Generation = YES;
				INFOPLIST_KEY_UIApplicationSupportsIndirectInputEvents = YES;
				INFOPLIST_KEY_UILaunchScreen_Generation = YES;
				INFOPLIST_KEY_UISupportedInterfaceOrientations_iPad = "UIInterfaceOrientationPortrait UIInterfaceOrientationPortraitUpsideDown UIInterfaceOrientationLandscapeLeft UIInterfaceOrientationLandscapeRight";
				INFOPLIST_KEY_UISupportedInterfaceOrientations_iPhone = "UIInterfaceOrientationPortrait UIInterfaceOrientationLandscapeLeft UIInterfaceOrientationLandscapeRight";
				LD_RUNPATH_SEARCH_PATHS = (
					"$(inherited)",
					"@executable_path/Frameworks",
				);
				MARKETING_VERSION = 1.0;
				PRODUCT_BUNDLE_IDENTIFIER = dolenko.com.GithubBrowserTCA;
				PRODUCT_NAME = "$(TARGET_NAME)";
				SWIFT_EMIT_LOC_STRINGS = YES;
				SWIFT_VERSION = 5.0;
				TARGETED_DEVICE_FAMILY = "1,2";
			};
			name = Debug;
		};
		6643780E2A4C2F5E00322E2F /* Release */ = {
			isa = XCBuildConfiguration;
			buildSettings = {
				ASSETCATALOG_COMPILER_APPICON_NAME = AppIcon;
				ASSETCATALOG_COMPILER_GLOBAL_ACCENT_COLOR_NAME = AccentColor;
				CODE_SIGN_STYLE = Automatic;
				CURRENT_PROJECT_VERSION = 1;
				DEVELOPMENT_ASSET_PATHS = "\"ArchitectureApps/GithubBrowserTCA/Preview Content\"";
				DEVELOPMENT_TEAM = B57H46XPVY;
				ENABLE_PREVIEWS = YES;
				GENERATE_INFOPLIST_FILE = YES;
				INFOPLIST_KEY_UIApplicationSceneManifest_Generation = YES;
				INFOPLIST_KEY_UIApplicationSupportsIndirectInputEvents = YES;
				INFOPLIST_KEY_UILaunchScreen_Generation = YES;
				INFOPLIST_KEY_UISupportedInterfaceOrientations_iPad = "UIInterfaceOrientationPortrait UIInterfaceOrientationPortraitUpsideDown UIInterfaceOrientationLandscapeLeft UIInterfaceOrientationLandscapeRight";
				INFOPLIST_KEY_UISupportedInterfaceOrientations_iPhone = "UIInterfaceOrientationPortrait UIInterfaceOrientationLandscapeLeft UIInterfaceOrientationLandscapeRight";
				LD_RUNPATH_SEARCH_PATHS = (
					"$(inherited)",
					"@executable_path/Frameworks",
				);
				MARKETING_VERSION = 1.0;
				PRODUCT_BUNDLE_IDENTIFIER = dolenko.com.GithubBrowserTCA;
				PRODUCT_NAME = "$(TARGET_NAME)";
				SWIFT_EMIT_LOC_STRINGS = YES;
				SWIFT_VERSION = 5.0;
				TARGETED_DEVICE_FAMILY = "1,2";
			};
			name = Release;
		};
		668A12D92A2636B50090DE15 /* Debug */ = {
			isa = XCBuildConfiguration;
			buildSettings = {
				ASSETCATALOG_COMPILER_APPICON_NAME = AppIcon;
				ASSETCATALOG_COMPILER_GLOBAL_ACCENT_COLOR_NAME = AccentColor;
				CODE_SIGN_STYLE = Automatic;
				CURRENT_PROJECT_VERSION = 1;
				DEVELOPMENT_ASSET_PATHS = "\"GithubBrowser/Preview Content\"";
				DEVELOPMENT_TEAM = B57H46XPVY;
				ENABLE_PREVIEWS = YES;
				GENERATE_INFOPLIST_FILE = YES;
				INFOPLIST_KEY_UIApplicationSceneManifest_Generation = YES;
				INFOPLIST_KEY_UIApplicationSupportsIndirectInputEvents = YES;
				INFOPLIST_KEY_UILaunchScreen_Generation = YES;
				INFOPLIST_KEY_UISupportedInterfaceOrientations_iPad = "UIInterfaceOrientationPortrait UIInterfaceOrientationPortraitUpsideDown UIInterfaceOrientationLandscapeLeft UIInterfaceOrientationLandscapeRight";
				INFOPLIST_KEY_UISupportedInterfaceOrientations_iPhone = "UIInterfaceOrientationPortrait UIInterfaceOrientationLandscapeLeft UIInterfaceOrientationLandscapeRight";
				LD_RUNPATH_SEARCH_PATHS = (
					"$(inherited)",
					"@executable_path/Frameworks",
				);
				MARKETING_VERSION = 1.0;
				PRODUCT_BUNDLE_IDENTIFIER = dolenko.com.GithubBrowser;
				PRODUCT_NAME = "$(TARGET_NAME)";
				SWIFT_EMIT_LOC_STRINGS = YES;
				SWIFT_VERSION = 5.0;
				TARGETED_DEVICE_FAMILY = "1,2";
			};
			name = Debug;
		};
		668A12DA2A2636B50090DE15 /* Release */ = {
			isa = XCBuildConfiguration;
			buildSettings = {
				ASSETCATALOG_COMPILER_APPICON_NAME = AppIcon;
				ASSETCATALOG_COMPILER_GLOBAL_ACCENT_COLOR_NAME = AccentColor;
				CODE_SIGN_STYLE = Automatic;
				CURRENT_PROJECT_VERSION = 1;
				DEVELOPMENT_ASSET_PATHS = "\"GithubBrowser/Preview Content\"";
				DEVELOPMENT_TEAM = B57H46XPVY;
				ENABLE_PREVIEWS = YES;
				GENERATE_INFOPLIST_FILE = YES;
				INFOPLIST_KEY_UIApplicationSceneManifest_Generation = YES;
				INFOPLIST_KEY_UIApplicationSupportsIndirectInputEvents = YES;
				INFOPLIST_KEY_UILaunchScreen_Generation = YES;
				INFOPLIST_KEY_UISupportedInterfaceOrientations_iPad = "UIInterfaceOrientationPortrait UIInterfaceOrientationPortraitUpsideDown UIInterfaceOrientationLandscapeLeft UIInterfaceOrientationLandscapeRight";
				INFOPLIST_KEY_UISupportedInterfaceOrientations_iPhone = "UIInterfaceOrientationPortrait UIInterfaceOrientationLandscapeLeft UIInterfaceOrientationLandscapeRight";
				LD_RUNPATH_SEARCH_PATHS = (
					"$(inherited)",
					"@executable_path/Frameworks",
				);
				MARKETING_VERSION = 1.0;
				PRODUCT_BUNDLE_IDENTIFIER = dolenko.com.GithubBrowser;
				PRODUCT_NAME = "$(TARGET_NAME)";
				SWIFT_EMIT_LOC_STRINGS = YES;
				SWIFT_VERSION = 5.0;
				TARGETED_DEVICE_FAMILY = "1,2";
			};
			name = Release;
		};
		668A12DC2A2636B50090DE15 /* Debug */ = {
			isa = XCBuildConfiguration;
			buildSettings = {
				BUNDLE_LOADER = "$(TEST_HOST)";
				CODE_SIGN_STYLE = Automatic;
				CURRENT_PROJECT_VERSION = 1;
				DEVELOPMENT_TEAM = B57H46XPVY;
				GENERATE_INFOPLIST_FILE = YES;
				IPHONEOS_DEPLOYMENT_TARGET = 16.4;
				MARKETING_VERSION = 1.0;
				PRODUCT_BUNDLE_IDENTIFIER = dolenko.com.GithubBrowserTests;
				PRODUCT_NAME = "$(TARGET_NAME)";
				SWIFT_EMIT_LOC_STRINGS = NO;
				SWIFT_VERSION = 5.0;
				TARGETED_DEVICE_FAMILY = "1,2";
				TEST_HOST = "$(BUILT_PRODUCTS_DIR)/GithubBrowser.app/$(BUNDLE_EXECUTABLE_FOLDER_PATH)/GithubBrowser";
			};
			name = Debug;
		};
		668A12DD2A2636B50090DE15 /* Release */ = {
			isa = XCBuildConfiguration;
			buildSettings = {
				BUNDLE_LOADER = "$(TEST_HOST)";
				CODE_SIGN_STYLE = Automatic;
				CURRENT_PROJECT_VERSION = 1;
				DEVELOPMENT_TEAM = B57H46XPVY;
				GENERATE_INFOPLIST_FILE = YES;
				IPHONEOS_DEPLOYMENT_TARGET = 16.4;
				MARKETING_VERSION = 1.0;
				PRODUCT_BUNDLE_IDENTIFIER = dolenko.com.GithubBrowserTests;
				PRODUCT_NAME = "$(TARGET_NAME)";
				SWIFT_EMIT_LOC_STRINGS = NO;
				SWIFT_VERSION = 5.0;
				TARGETED_DEVICE_FAMILY = "1,2";
				TEST_HOST = "$(BUILT_PRODUCTS_DIR)/GithubBrowser.app/$(BUNDLE_EXECUTABLE_FOLDER_PATH)/GithubBrowser";
			};
			name = Release;
		};
		668EF0062A3F7E1E0046B0DA /* Debug */ = {
			isa = XCBuildConfiguration;
			buildSettings = {
				ASSETCATALOG_COMPILER_APPICON_NAME = AppIcon;
				ASSETCATALOG_COMPILER_GLOBAL_ACCENT_COLOR_NAME = AccentColor;
				CLANG_ENABLE_MODULES = YES;
				CODE_SIGN_STYLE = Automatic;
				CURRENT_PROJECT_VERSION = 1;
				DEVELOPMENT_ASSET_PATHS = "\"ArchitectureApps/GithubBrowserMVVMC/Preview Content\"";
				DEVELOPMENT_TEAM = B57H46XPVY;
				ENABLE_PREVIEWS = YES;
				GENERATE_INFOPLIST_FILE = YES;
				INFOPLIST_FILE = ArchitectureApps/GithubBrowserMVVMC/Info.plist;
				INFOPLIST_KEY_UIApplicationSupportsIndirectInputEvents = YES;
				INFOPLIST_KEY_UILaunchScreen_Generation = YES;
				INFOPLIST_KEY_UISupportedInterfaceOrientations_iPad = "UIInterfaceOrientationPortrait UIInterfaceOrientationPortraitUpsideDown UIInterfaceOrientationLandscapeLeft UIInterfaceOrientationLandscapeRight";
				INFOPLIST_KEY_UISupportedInterfaceOrientations_iPhone = "UIInterfaceOrientationPortrait UIInterfaceOrientationLandscapeLeft UIInterfaceOrientationLandscapeRight";
				LD_RUNPATH_SEARCH_PATHS = (
					"$(inherited)",
					"@executable_path/Frameworks",
				);
				MARKETING_VERSION = 1.0;
				PRODUCT_BUNDLE_IDENTIFIER = dolenko.com.GithubBrowserMVVMC;
				PRODUCT_NAME = "$(TARGET_NAME)";
				SWIFT_EMIT_LOC_STRINGS = YES;
				SWIFT_OPTIMIZATION_LEVEL = "-Onone";
				SWIFT_VERSION = 5.0;
				TARGETED_DEVICE_FAMILY = "1,2";
			};
			name = Debug;
		};
		668EF0072A3F7E1E0046B0DA /* Release */ = {
			isa = XCBuildConfiguration;
			buildSettings = {
				ASSETCATALOG_COMPILER_APPICON_NAME = AppIcon;
				ASSETCATALOG_COMPILER_GLOBAL_ACCENT_COLOR_NAME = AccentColor;
				CLANG_ENABLE_MODULES = YES;
				CODE_SIGN_STYLE = Automatic;
				CURRENT_PROJECT_VERSION = 1;
				DEVELOPMENT_ASSET_PATHS = "\"ArchitectureApps/GithubBrowserMVVMC/Preview Content\"";
				DEVELOPMENT_TEAM = B57H46XPVY;
				ENABLE_PREVIEWS = YES;
				GENERATE_INFOPLIST_FILE = YES;
				INFOPLIST_FILE = ArchitectureApps/GithubBrowserMVVMC/Info.plist;
				INFOPLIST_KEY_UIApplicationSupportsIndirectInputEvents = YES;
				INFOPLIST_KEY_UILaunchScreen_Generation = YES;
				INFOPLIST_KEY_UISupportedInterfaceOrientations_iPad = "UIInterfaceOrientationPortrait UIInterfaceOrientationPortraitUpsideDown UIInterfaceOrientationLandscapeLeft UIInterfaceOrientationLandscapeRight";
				INFOPLIST_KEY_UISupportedInterfaceOrientations_iPhone = "UIInterfaceOrientationPortrait UIInterfaceOrientationLandscapeLeft UIInterfaceOrientationLandscapeRight";
				LD_RUNPATH_SEARCH_PATHS = (
					"$(inherited)",
					"@executable_path/Frameworks",
				);
				MARKETING_VERSION = 1.0;
				PRODUCT_BUNDLE_IDENTIFIER = dolenko.com.GithubBrowserMVVMC;
				PRODUCT_NAME = "$(TARGET_NAME)";
				SWIFT_EMIT_LOC_STRINGS = YES;
				SWIFT_VERSION = 5.0;
				TARGETED_DEVICE_FAMILY = "1,2";
			};
			name = Release;
		};
		66A5E29529E6D735008DBD42 /* Debug */ = {
			isa = XCBuildConfiguration;
			buildSettings = {
				ALWAYS_SEARCH_USER_PATHS = NO;
				CLANG_ANALYZER_NONNULL = YES;
				CLANG_ANALYZER_NUMBER_OBJECT_CONVERSION = YES_AGGRESSIVE;
				CLANG_CXX_LANGUAGE_STANDARD = "gnu++20";
				CLANG_ENABLE_MODULES = YES;
				CLANG_ENABLE_OBJC_ARC = YES;
				CLANG_ENABLE_OBJC_WEAK = YES;
				CLANG_WARN_BLOCK_CAPTURE_AUTORELEASING = YES;
				CLANG_WARN_BOOL_CONVERSION = YES;
				CLANG_WARN_COMMA = YES;
				CLANG_WARN_CONSTANT_CONVERSION = YES;
				CLANG_WARN_DEPRECATED_OBJC_IMPLEMENTATIONS = YES;
				CLANG_WARN_DIRECT_OBJC_ISA_USAGE = YES_ERROR;
				CLANG_WARN_DOCUMENTATION_COMMENTS = YES;
				CLANG_WARN_EMPTY_BODY = YES;
				CLANG_WARN_ENUM_CONVERSION = YES;
				CLANG_WARN_INFINITE_RECURSION = YES;
				CLANG_WARN_INT_CONVERSION = YES;
				CLANG_WARN_NON_LITERAL_NULL_CONVERSION = YES;
				CLANG_WARN_OBJC_IMPLICIT_RETAIN_SELF = YES;
				CLANG_WARN_OBJC_LITERAL_CONVERSION = YES;
				CLANG_WARN_OBJC_ROOT_CLASS = YES_ERROR;
				CLANG_WARN_QUOTED_INCLUDE_IN_FRAMEWORK_HEADER = YES;
				CLANG_WARN_RANGE_LOOP_ANALYSIS = YES;
				CLANG_WARN_STRICT_PROTOTYPES = YES;
				CLANG_WARN_SUSPICIOUS_MOVE = YES;
				CLANG_WARN_UNGUARDED_AVAILABILITY = YES_AGGRESSIVE;
				CLANG_WARN_UNREACHABLE_CODE = YES;
				CLANG_WARN__DUPLICATE_METHOD_MATCH = YES;
				COPY_PHASE_STRIP = NO;
				DEBUG_INFORMATION_FORMAT = dwarf;
				ENABLE_STRICT_OBJC_MSGSEND = YES;
				ENABLE_TESTABILITY = YES;
				GCC_C_LANGUAGE_STANDARD = gnu11;
				GCC_DYNAMIC_NO_PIC = NO;
				GCC_NO_COMMON_BLOCKS = YES;
				GCC_OPTIMIZATION_LEVEL = 0;
				GCC_PREPROCESSOR_DEFINITIONS = (
					"DEBUG=1",
					"$(inherited)",
				);
				GCC_WARN_64_TO_32_BIT_CONVERSION = YES;
				GCC_WARN_ABOUT_RETURN_TYPE = YES_ERROR;
				GCC_WARN_UNDECLARED_SELECTOR = YES;
				GCC_WARN_UNINITIALIZED_AUTOS = YES_AGGRESSIVE;
				GCC_WARN_UNUSED_FUNCTION = YES;
				GCC_WARN_UNUSED_VARIABLE = YES;
				IPHONEOS_DEPLOYMENT_TARGET = 16.4;
				MTL_ENABLE_DEBUG_INFO = INCLUDE_SOURCE;
				MTL_FAST_MATH = YES;
				ONLY_ACTIVE_ARCH = YES;
				SDKROOT = iphoneos;
				SWIFT_ACTIVE_COMPILATION_CONDITIONS = DEBUG;
				SWIFT_OPTIMIZATION_LEVEL = "-Onone";
			};
			name = Debug;
		};
		66A5E29629E6D735008DBD42 /* Release */ = {
			isa = XCBuildConfiguration;
			buildSettings = {
				ALWAYS_SEARCH_USER_PATHS = NO;
				CLANG_ANALYZER_NONNULL = YES;
				CLANG_ANALYZER_NUMBER_OBJECT_CONVERSION = YES_AGGRESSIVE;
				CLANG_CXX_LANGUAGE_STANDARD = "gnu++20";
				CLANG_ENABLE_MODULES = YES;
				CLANG_ENABLE_OBJC_ARC = YES;
				CLANG_ENABLE_OBJC_WEAK = YES;
				CLANG_WARN_BLOCK_CAPTURE_AUTORELEASING = YES;
				CLANG_WARN_BOOL_CONVERSION = YES;
				CLANG_WARN_COMMA = YES;
				CLANG_WARN_CONSTANT_CONVERSION = YES;
				CLANG_WARN_DEPRECATED_OBJC_IMPLEMENTATIONS = YES;
				CLANG_WARN_DIRECT_OBJC_ISA_USAGE = YES_ERROR;
				CLANG_WARN_DOCUMENTATION_COMMENTS = YES;
				CLANG_WARN_EMPTY_BODY = YES;
				CLANG_WARN_ENUM_CONVERSION = YES;
				CLANG_WARN_INFINITE_RECURSION = YES;
				CLANG_WARN_INT_CONVERSION = YES;
				CLANG_WARN_NON_LITERAL_NULL_CONVERSION = YES;
				CLANG_WARN_OBJC_IMPLICIT_RETAIN_SELF = YES;
				CLANG_WARN_OBJC_LITERAL_CONVERSION = YES;
				CLANG_WARN_OBJC_ROOT_CLASS = YES_ERROR;
				CLANG_WARN_QUOTED_INCLUDE_IN_FRAMEWORK_HEADER = YES;
				CLANG_WARN_RANGE_LOOP_ANALYSIS = YES;
				CLANG_WARN_STRICT_PROTOTYPES = YES;
				CLANG_WARN_SUSPICIOUS_MOVE = YES;
				CLANG_WARN_UNGUARDED_AVAILABILITY = YES_AGGRESSIVE;
				CLANG_WARN_UNREACHABLE_CODE = YES;
				CLANG_WARN__DUPLICATE_METHOD_MATCH = YES;
				COPY_PHASE_STRIP = NO;
				DEBUG_INFORMATION_FORMAT = "dwarf-with-dsym";
				ENABLE_NS_ASSERTIONS = NO;
				ENABLE_STRICT_OBJC_MSGSEND = YES;
				GCC_C_LANGUAGE_STANDARD = gnu11;
				GCC_NO_COMMON_BLOCKS = YES;
				GCC_WARN_64_TO_32_BIT_CONVERSION = YES;
				GCC_WARN_ABOUT_RETURN_TYPE = YES_ERROR;
				GCC_WARN_UNDECLARED_SELECTOR = YES;
				GCC_WARN_UNINITIALIZED_AUTOS = YES_AGGRESSIVE;
				GCC_WARN_UNUSED_FUNCTION = YES;
				GCC_WARN_UNUSED_VARIABLE = YES;
				IPHONEOS_DEPLOYMENT_TARGET = 16.4;
				MTL_ENABLE_DEBUG_INFO = NO;
				MTL_FAST_MATH = YES;
				SDKROOT = iphoneos;
				SWIFT_COMPILATION_MODE = wholemodule;
				SWIFT_OPTIMIZATION_LEVEL = "-O";
				VALIDATE_PRODUCT = YES;
			};
			name = Release;
		};
		66A5E29829E6D735008DBD42 /* Debug */ = {
			isa = XCBuildConfiguration;
			buildSettings = {
				ASSETCATALOG_COMPILER_APPICON_NAME = AppIcon;
				ASSETCATALOG_COMPILER_GLOBAL_ACCENT_COLOR_NAME = AccentColor;
				CODE_SIGN_STYLE = Automatic;
				CURRENT_PROJECT_VERSION = 1;
				DEVELOPMENT_ASSET_PATHS = "\"GithubUsers/Preview Content\"";
				DEVELOPMENT_TEAM = B57H46XPVY;
				ENABLE_PREVIEWS = YES;
				GENERATE_INFOPLIST_FILE = YES;
				INFOPLIST_KEY_UIApplicationSceneManifest_Generation = YES;
				INFOPLIST_KEY_UIApplicationSupportsIndirectInputEvents = YES;
				INFOPLIST_KEY_UILaunchScreen_Generation = YES;
				INFOPLIST_KEY_UISupportedInterfaceOrientations_iPad = "UIInterfaceOrientationPortrait UIInterfaceOrientationPortraitUpsideDown UIInterfaceOrientationLandscapeLeft UIInterfaceOrientationLandscapeRight";
				INFOPLIST_KEY_UISupportedInterfaceOrientations_iPhone = "UIInterfaceOrientationPortrait UIInterfaceOrientationLandscapeLeft UIInterfaceOrientationLandscapeRight";
				LD_RUNPATH_SEARCH_PATHS = (
					"$(inherited)",
					"@executable_path/Frameworks",
				);
				MARKETING_VERSION = 1.0;
				PRODUCT_BUNDLE_IDENTIFIER = dolenko.com.GithubUsers;
				PRODUCT_NAME = "$(TARGET_NAME)";
				SWIFT_EMIT_LOC_STRINGS = YES;
				SWIFT_VERSION = 5.0;
				TARGETED_DEVICE_FAMILY = "1,2";
			};
			name = Debug;
		};
		66A5E29929E6D735008DBD42 /* Release */ = {
			isa = XCBuildConfiguration;
			buildSettings = {
				ASSETCATALOG_COMPILER_APPICON_NAME = AppIcon;
				ASSETCATALOG_COMPILER_GLOBAL_ACCENT_COLOR_NAME = AccentColor;
				CODE_SIGN_STYLE = Automatic;
				CURRENT_PROJECT_VERSION = 1;
				DEVELOPMENT_ASSET_PATHS = "\"GithubUsers/Preview Content\"";
				DEVELOPMENT_TEAM = B57H46XPVY;
				ENABLE_PREVIEWS = YES;
				GENERATE_INFOPLIST_FILE = YES;
				INFOPLIST_KEY_UIApplicationSceneManifest_Generation = YES;
				INFOPLIST_KEY_UIApplicationSupportsIndirectInputEvents = YES;
				INFOPLIST_KEY_UILaunchScreen_Generation = YES;
				INFOPLIST_KEY_UISupportedInterfaceOrientations_iPad = "UIInterfaceOrientationPortrait UIInterfaceOrientationPortraitUpsideDown UIInterfaceOrientationLandscapeLeft UIInterfaceOrientationLandscapeRight";
				INFOPLIST_KEY_UISupportedInterfaceOrientations_iPhone = "UIInterfaceOrientationPortrait UIInterfaceOrientationLandscapeLeft UIInterfaceOrientationLandscapeRight";
				LD_RUNPATH_SEARCH_PATHS = (
					"$(inherited)",
					"@executable_path/Frameworks",
				);
				MARKETING_VERSION = 1.0;
				PRODUCT_BUNDLE_IDENTIFIER = dolenko.com.GithubUsers;
				PRODUCT_NAME = "$(TARGET_NAME)";
				SWIFT_EMIT_LOC_STRINGS = YES;
				SWIFT_VERSION = 5.0;
				TARGETED_DEVICE_FAMILY = "1,2";
			};
			name = Release;
		};
/* End XCBuildConfiguration section */

/* Begin XCConfigurationList section */
		661998BF2A37638D00C5CA8A /* Build configuration list for PBXNativeTarget "RxSwiftEmptyTarget" */ = {
			isa = XCConfigurationList;
			buildConfigurations = (
				661998C02A37638D00C5CA8A /* Debug */,
				661998C12A37638D00C5CA8A /* Release */,
			);
			defaultConfigurationIsVisible = 0;
			defaultConfigurationName = Release;
		};
		661998FA2A3B26B700C5CA8A /* Build configuration list for PBXNativeTarget "GithubBrowserMVVM" */ = {
			isa = XCConfigurationList;
			buildConfigurations = (
				661998FB2A3B26B700C5CA8A /* Debug */,
				661998FC2A3B26B700C5CA8A /* Release */,
			);
			defaultConfigurationIsVisible = 0;
			defaultConfigurationName = Release;
		};
		663401292A1CE96800BC0C4D /* Build configuration list for PBXNativeTarget "SignUpFlow" */ = {
			isa = XCConfigurationList;
			buildConfigurations = (
				6634012A2A1CE96800BC0C4D /* Debug */,
				6634012B2A1CE96800BC0C4D /* Release */,
			);
			defaultConfigurationIsVisible = 0;
			defaultConfigurationName = Release;
		};
		6634012C2A1CE96800BC0C4D /* Build configuration list for PBXNativeTarget "SignUpFlowTests" */ = {
			isa = XCConfigurationList;
			buildConfigurations = (
				6634012D2A1CE96800BC0C4D /* Debug */,
				6634012E2A1CE96800BC0C4D /* Release */,
			);
			defaultConfigurationIsVisible = 0;
			defaultConfigurationName = Release;
		};
		663E3EDE2A40A216006054C5 /* Build configuration list for PBXNativeTarget "GithubBrowserMVVMCUIKit" */ = {
			isa = XCConfigurationList;
			buildConfigurations = (
				663E3EDF2A40A216006054C5 /* Debug */,
				663E3EE02A40A216006054C5 /* Release */,
			);
			defaultConfigurationIsVisible = 0;
			defaultConfigurationName = Release;
		};
		6643780F2A4C2F5E00322E2F /* Build configuration list for PBXNativeTarget "GithubBrowserTCA" */ = {
			isa = XCConfigurationList;
			buildConfigurations = (
				6643780D2A4C2F5E00322E2F /* Debug */,
				6643780E2A4C2F5E00322E2F /* Release */,
			);
			defaultConfigurationIsVisible = 0;
			defaultConfigurationName = Release;
		};
		668A12D82A2636B50090DE15 /* Build configuration list for PBXNativeTarget "GithubBrowser" */ = {
			isa = XCConfigurationList;
			buildConfigurations = (
				668A12D92A2636B50090DE15 /* Debug */,
				668A12DA2A2636B50090DE15 /* Release */,
			);
			defaultConfigurationIsVisible = 0;
			defaultConfigurationName = Release;
		};
		668A12DB2A2636B50090DE15 /* Build configuration list for PBXNativeTarget "GithubBrowserTests" */ = {
			isa = XCConfigurationList;
			buildConfigurations = (
				668A12DC2A2636B50090DE15 /* Debug */,
				668A12DD2A2636B50090DE15 /* Release */,
			);
			defaultConfigurationIsVisible = 0;
			defaultConfigurationName = Release;
		};
		668EF0082A3F7E1E0046B0DA /* Build configuration list for PBXNativeTarget "GithubBrowserMVVMC" */ = {
			isa = XCConfigurationList;
			buildConfigurations = (
				668EF0062A3F7E1E0046B0DA /* Debug */,
				668EF0072A3F7E1E0046B0DA /* Release */,
			);
			defaultConfigurationIsVisible = 0;
			defaultConfigurationName = Release;
		};
		66A5E26E29E6D733008DBD42 /* Build configuration list for PBXProject "Advanced iOS" */ = {
			isa = XCConfigurationList;
			buildConfigurations = (
				66A5E29529E6D735008DBD42 /* Debug */,
				66A5E29629E6D735008DBD42 /* Release */,
			);
			defaultConfigurationIsVisible = 0;
			defaultConfigurationName = Release;
		};
		66A5E29729E6D735008DBD42 /* Build configuration list for PBXNativeTarget "GithubUsers" */ = {
			isa = XCConfigurationList;
			buildConfigurations = (
				66A5E29829E6D735008DBD42 /* Debug */,
				66A5E29929E6D735008DBD42 /* Release */,
			);
			defaultConfigurationIsVisible = 0;
			defaultConfigurationName = Release;
		};
/* End XCConfigurationList section */

/* Begin XCRemoteSwiftPackageReference section */
		661998AA2A37623400C5CA8A /* XCRemoteSwiftPackageReference "RxSwift" */ = {
			isa = XCRemoteSwiftPackageReference;
			repositoryURL = "https://github.com/ReactiveX/RxSwift";
			requirement = {
				kind = exactVersion;
				version = 6.6.0;
			};
		};
		663401382A1CED5A00BC0C4D /* XCRemoteSwiftPackageReference "Swinject" */ = {
			isa = XCRemoteSwiftPackageReference;
			repositoryURL = "https://github.com/Swinject/Swinject";
			requirement = {
				kind = exactVersion;
				version = 2.8.3;
			};
		};
		66AD451E2A4C37A1007B6FEF /* XCRemoteSwiftPackageReference "swift-composable-architecture" */ = {
			isa = XCRemoteSwiftPackageReference;
			repositoryURL = "git@github.com:pointfreeco/swift-composable-architecture.git";
			requirement = {
				kind = exactVersion;
				version = 0.54.1;
			};
		};
/* End XCRemoteSwiftPackageReference section */

/* Begin XCSwiftPackageProductDependency section */
		661998C22A37639700C5CA8A /* RxSwift */ = {
			isa = XCSwiftPackageProductDependency;
			package = 661998AA2A37623400C5CA8A /* XCRemoteSwiftPackageReference "RxSwift" */;
			productName = RxSwift;
		};
		661999132A3B384000C5CA8A /* UserSearchMVVM */ = {
			isa = XCSwiftPackageProductDependency;
			productName = UserSearchMVVM;
		};
		663401392A1CED5A00BC0C4D /* Swinject */ = {
			isa = XCSwiftPackageProductDependency;
			package = 663401382A1CED5A00BC0C4D /* XCRemoteSwiftPackageReference "Swinject" */;
			productName = Swinject;
		};
		663E3EC62A3F7FE3006054C5 /* UserSearchMVVMC */ = {
			isa = XCSwiftPackageProductDependency;
			productName = UserSearchMVVMC;
		};
		663E3EC82A3F7FEB006054C5 /* UserSearchNetworking */ = {
			isa = XCSwiftPackageProductDependency;
			productName = UserSearchNetworking;
		};
		663E3EEE2A40A269006054C5 /* UserSearchNetworking */ = {
			isa = XCSwiftPackageProductDependency;
			productName = UserSearchNetworking;
		};
		663E3EF02A40A26D006054C5 /* UserSearchMVVMCUIKit */ = {
			isa = XCSwiftPackageProductDependency;
			productName = UserSearchMVVMCUIKit;
		};
		6651F2FE2A3F3B32006A197A /* UserSearchNetworking */ = {
			isa = XCSwiftPackageProductDependency;
			productName = UserSearchNetworking;
		};
		66AD451A2A4C371E007B6FEF /* UserSearchTCA */ = {
			isa = XCSwiftPackageProductDependency;
			productName = UserSearchTCA;
		};
		66AD451C2A4C3724007B6FEF /* UserSearchNetworking */ = {
			isa = XCSwiftPackageProductDependency;
			productName = UserSearchNetworking;
		};
		66AD451F2A4C37A1007B6FEF /* ComposableArchitecture */ = {
			isa = XCSwiftPackageProductDependency;
			package = 66AD451E2A4C37A1007B6FEF /* XCRemoteSwiftPackageReference "swift-composable-architecture" */;
			productName = ComposableArchitecture;
		};
/* End XCSwiftPackageProductDependency section */
	};
	rootObject = 66A5E26B29E6D733008DBD42 /* Project object */;
}
